Microsoft Visual Studio Solution File, Format Version 10.00
# Visual Studio 2008
Project("{8BC9CEB8-8B4A-11D0-8D11-00A0C91BC942}") = "Style", "..\Style\Style.vcproj", "{06562E7D-4456-4133-AF94-C88F48FD8F9F}"
EndProject
Project("{8BC9CEB8-8B4A-11D0-8D11-00A0C91BC942}") = "Geometry", "..\Geometry\Geometry.vcproj", "{E077340A-CC20-4AB3-8317-DE65020BAE49}"
EndProject
Project("{8BC9CEB8-8B4A-11D0-8D11-00A0C91BC942}") = "Tool", "..\Tool\Tool.vcproj", "{46BD1799-D44D-4BF2-A30C-40BB6D82F2EF}"
EndProject
Project("{8BC9CEB8-8B4A-11D0-8D11-00A0C91BC942}") = "Public", "..\Atlas\Atlas.vcproj", "{4668D10A-4530-4B55-8273-98D59B36A80C}"
EndProject
Project("{8BC9CEB8-8B4A-11D0-8D11-00A0C91BC942}") = "Project", "..\Projection\Projection.vcproj", "{8EF6DFC8-E191-4344-A763-044FC95699C3}"
EndProject
Project("{8BC9CEB8-8B4A-11D0-8D11-00A0C91BC942}") = "Image", "..\Image\Image.vcproj", "{6D930E05-C3C0-475D-9816-92F917A33983}"
EndProject
Project("{8BC9CEB8-8B4A-11D0-8D11-00A0C91BC942}") = "Tiff", "..\Tiff\Tiff.vcproj", "{4C3E02C1-EB3A-4C79-99C8-921E804022C0}"
EndProject
Project("{8BC9CEB8-8B4A-11D0-8D11-00A0C91BC942}") = "Extend", "..\Extend\Extend.vcproj", "{307D51F3-91E3-49A1-84F9-1681987E9570}"
EndProject
Project("{8BC9CEB8-8B4A-11D0-8D11-00A0C91BC942}") = "Information", "..\Information\Information.vcproj", "{D739337B-3EE0-4E3E-95BC-E19BD31E88CA}"
EndProject
Project("{8BC9CEB8-8B4A-11D0-8D11-00A0C91BC942}") = "Mapseed", "Mapseed.vcproj", "{F889D707-F4C1-4DE9-8EF6-C7C475EA0030}"
EndProject
Project("{8BC9CEB8-8B4A-11D0-8D11-00A0C91BC942}") = "Traffic", "..\Traffic\Traffic.vcproj", "{EDC8D6E4-0CD5-46A9-99A8-74A2C4472BC8}"
EndProject
Global
	GlobalSection(SolutionConfigurationPlatforms) = preSolution
		Debug Unicode|Win32 = Debug Unicode|Win32
		Debug|Win32 = Debug|Win32
		DebugUNICODE|Win32 = DebugUNICODE|Win32
		Release Unicode|Win32 = Release Unicode|Win32
		Release|Win32 = Release|Win32
		ReleaseUNICODE|Win32 = ReleaseUNICODE|Win32
	EndGlobalSection
	GlobalSection(ProjectConfigurationPlatforms) = postSolution
		{06562E7D-4456-4133-AF94-C88F48FD8F9F}.Debug Unicode|Win32.ActiveCfg = Debug Unicode|Win32
		{06562E7D-4456-4133-AF94-C88F48FD8F9F}.Debug Unicode|Win32.Build.0 = Debug Unicode|Win32
		{06562E7D-4456-4133-AF94-C88F48FD8F9F}.Debug|Win32.ActiveCfg = Debug|Win32
		{06562E7D-4456-4133-AF94-C88F48FD8F9F}.Debug|Win32.Build.0 = Debug|Win32
		{06562E7D-4456-4133-AF94-C88F48FD8F9F}.DebugUNICODE|Win32.ActiveCfg = Debug Unicode|Win32
		{06562E7D-4456-4133-AF94-C88F48FD8F9F}.DebugUNICODE|Win32.Build.0 = Debug Unicode|Win32
		{06562E7D-4456-4133-AF94-C88F48FD8F9F}.Release Unicode|Win32.ActiveCfg = Release Unicode|Win32
		{06562E7D-4456-4133-AF94-C88F48FD8F9F}.Release Unicode|Win32.Build.0 = Release Unicode|Win32
		{06562E7D-4456-4133-AF94-C88F48FD8F9F}.Release|Win32.ActiveCfg = Release|Win32
		{06562E7D-4456-4133-AF94-C88F48FD8F9F}.Release|Win32.Build.0 = Release|Win32
		{06562E7D-4456-4133-AF94-C88F48FD8F9F}.ReleaseUNICODE|Win32.ActiveCfg = Release|Win32
		{06562E7D-4456-4133-AF94-C88F48FD8F9F}.ReleaseUNICODE|Win32.Build.0 = Release|Win32
		{E077340A-CC20-4AB3-8317-DE65020BAE49}.Debug Unicode|Win32.ActiveCfg = Debug Unicode|Win32
		{E077340A-CC20-4AB3-8317-DE65020BAE49}.Debug Unicode|Win32.Build.0 = Debug Unicode|Win32
		{E077340A-CC20-4AB3-8317-DE65020BAE49}.Debug|Win32.ActiveCfg = Debug|Win32
		{E077340A-CC20-4AB3-8317-DE65020BAE49}.Debug|Win32.Build.0 = Debug|Win32
		{E077340A-CC20-4AB3-8317-DE65020BAE49}.DebugUNICODE|Win32.ActiveCfg = Debug|Win32
		{E077340A-CC20-4AB3-8317-DE65020BAE49}.DebugUNICODE|Win32.Build.0 = Debug|Win32
		{E077340A-CC20-4AB3-8317-DE65020BAE49}.Release Unicode|Win32.ActiveCfg = Release Unicode|Win32
		{E077340A-CC20-4AB3-8317-DE65020BAE49}.Release Unicode|Win32.Build.0 = Release Unicode|Win32
		{E077340A-CC20-4AB3-8317-DE65020BAE49}.Release|Win32.ActiveCfg = Release|Win32
		{E077340A-CC20-4AB3-8317-DE65020BAE49}.Release|Win32.Build.0 = Release|Win32
		{E077340A-CC20-4AB3-8317-DE65020BAE49}.ReleaseUNICODE|Win32.ActiveCfg = Release|Win32
		{E077340A-CC20-4AB3-8317-DE65020BAE49}.ReleaseUNICODE|Win32.Build.0 = Release|Win32
		{46BD1799-D44D-4BF2-A30C-40BB6D82F2EF}.Debug Unicode|Win32.ActiveCfg = Debug Unicode|Win32
		{46BD1799-D44D-4BF2-A30C-40BB6D82F2EF}.Debug Unicode|Win32.Build.0 = Debug Unicode|Win32
		{46BD1799-D44D-4BF2-A30C-40BB6D82F2EF}.Debug|Win32.ActiveCfg = Debug|Win32
		{46BD1799-D44D-4BF2-A30C-40BB6D82F2EF}.Debug|Win32.Build.0 = Debug|Win32
		{46BD1799-D44D-4BF2-A30C-40BB6D82F2EF}.DebugUNICODE|Win32.ActiveCfg = Debug Unicode|Win32
		{46BD1799-D44D-4BF2-A30C-40BB6D82F2EF}.DebugUNICODE|Win32.Build.0 = Debug Unicode|Win32
		{46BD1799-D44D-4BF2-A30C-40BB6D82F2EF}.Release Unicode|Win32.ActiveCfg = Release Unicode|Win32
		{46BD1799-D44D-4BF2-A30C-40BB6D82F2EF}.Release Unicode|Win32.Build.0 = Release Unicode|Win32
		{46BD1799-D44D-4BF2-A30C-40BB6D82F2EF}.Release|Win32.ActiveCfg = Release|Win32
		{46BD1799-D44D-4BF2-A30C-40BB6D82F2EF}.Release|Win32.Build.0 = Release|Win32
		{46BD1799-D44D-4BF2-A30C-40BB6D82F2EF}.ReleaseUNICODE|Win32.ActiveCfg = Release|Win32
		{46BD1799-D44D-4BF2-A30C-40BB6D82F2EF}.ReleaseUNICODE|Win32.Build.0 = Release|Win32
		{4668D10A-4530-4B55-8273-98D59B36A80C}.Debug Unicode|Win32.ActiveCfg = Debug Unicode|Win32
		{4668D10A-4530-4B55-8273-98D59B36A80C}.Debug Unicode|Win32.Build.0 = Debug Unicode|Win32
		{4668D10A-4530-4B55-8273-98D59B36A80C}.Debug|Win32.ActiveCfg = Debug|Win32
		{4668D10A-4530-4B55-8273-98D59B36A80C}.Debug|Win32.Build.0 = Debug|Win32
		{4668D10A-4530-4B55-8273-98D59B36A80C}.DebugUNICODE|Win32.ActiveCfg = Debug Unicode|Win32
		{4668D10A-4530-4B55-8273-98D59B36A80C}.DebugUNICODE|Win32.Build.0 = Debug Unicode|Win32
		{4668D10A-4530-4B55-8273-98D59B36A80C}.Release Unicode|Win32.ActiveCfg = Release Unicode|Win32
		{4668D10A-4530-4B55-8273-98D59B36A80C}.Release Unicode|Win32.Build.0 = Release Unicode|Win32
		{4668D10A-4530-4B55-8273-98D59B36A80C}.Release|Win32.ActiveCfg = Release|Win32
		{4668D10A-4530-4B55-8273-98D59B36A80C}.Release|Win32.Build.0 = Release|Win32
		{4668D10A-4530-4B55-8273-98D59B36A80C}.ReleaseUNICODE|Win32.ActiveCfg = Release|Win32
		{4668D10A-4530-4B55-8273-98D59B36A80C}.ReleaseUNICODE|Win32.Build.0 = Release|Win32
		{8EF6DFC8-E191-4344-A763-044FC95699C3}.Debug Unicode|Win32.ActiveCfg = Debug Unicode|Win32
		{8EF6DFC8-E191-4344-A763-044FC95699C3}.Debug Unicode|Win32.Build.0 = Debug Unicode|Win32
		{8EF6DFC8-E191-4344-A763-044FC95699C3}.Debug|Win32.ActiveCfg = Debug|Win32
		{8EF6DFC8-E191-4344-A763-044FC95699C3}.Debug|Win32.Build.0 = Debug|Win32
		{8EF6DFC8-E191-4344-A763-044FC95699C3}.DebugUNICODE|Win32.ActiveCfg = Debug|Win32
		{8EF6DFC8-E191-4344-A763-044FC95699C3}.DebugUNICODE|Win32.Build.0 = Debug|Win32
		{8EF6DFC8-E191-4344-A763-044FC95699C3}.Release Unicode|Win32.ActiveCfg = Release Unicode|Win32
		{8EF6DFC8-E191-4344-A763-044FC95699C3}.Release Unicode|Win32.Build.0 = Release Unicode|Win32
		{8EF6DFC8-E191-4344-A763-044FC95699C3}.Release|Win32.ActiveCfg = Release|Win32
		{8EF6DFC8-E191-4344-A763-044FC95699C3}.Release|Win32.Build.0 = Release|Win32
		{8EF6DFC8-E191-4344-A763-044FC95699C3}.ReleaseUNICODE|Win32.ActiveCfg = Release Unicode|Win32
		{8EF6DFC8-E191-4344-A763-044FC95699C3}.ReleaseUNICODE|Win32.Build.0 = Release Unicode|Win32
		{6D930E05-C3C0-475D-9816-92F917A33983}.Debug Unicode|Win32.ActiveCfg = Debug Unicode|Win32
		{6D930E05-C3C0-475D-9816-92F917A33983}.Debug Unicode|Win32.Build.0 = Debug Unicode|Win32
		{6D930E05-C3C0-475D-9816-92F917A33983}.Debug|Win32.ActiveCfg = Debug|Win32
		{6D930E05-C3C0-475D-9816-92F917A33983}.Debug|Win32.Build.0 = Debug|Win32
		{6D930E05-C3C0-475D-9816-92F917A33983}.DebugUNICODE|Win32.ActiveCfg = Debug|Win32
		{6D930E05-C3C0-475D-9816-92F917A33983}.DebugUNICODE|Win32.Build.0 = Debug|Win32
		{6D930E05-C3C0-475D-9816-92F917A33983}.Release Unicode|Win32.ActiveCfg = Release Unicode|Win32
		{6D930E05-C3C0-475D-9816-92F917A33983}.Release Unicode|Win32.Build.0 = Release Unicode|Win32
		{6D930E05-C3C0-475D-9816-92F917A33983}.Release|Win32.ActiveCfg = Release|Win32
		{6D930E05-C3C0-475D-9816-92F917A33983}.Release|Win32.Build.0 = Release|Win32
		{6D930E05-C3C0-475D-9816-92F917A33983}.ReleaseUNICODE|Win32.ActiveCfg = Release|Win32
		{6D930E05-C3C0-475D-9816-92F917A33983}.ReleaseUNICODE|Win32.Build.0 = Release|Win32
		{4C3E02C1-EB3A-4C79-99C8-921E804022C0}.Debug Unicode|Win32.ActiveCfg = Debug Unicode|Win32
		{4C3E02C1-EB3A-4C79-99C8-921E804022C0}.Debug Unicode|Win32.Build.0 = Debug Unicode|Win32
		{4C3E02C1-EB3A-4C79-99C8-921E804022C0}.Debug|Win32.ActiveCfg = Debug|Win32
		{4C3E02C1-EB3A-4C79-99C8-921E804022C0}.Debug|Win32.Build.0 = Debug|Win32
		{4C3E02C1-EB3A-4C79-99C8-921E804022C0}.DebugUNICODE|Win32.ActiveCfg = Debug Unicode|Win32
		{4C3E02C1-EB3A-4C79-99C8-921E804022C0}.DebugUNICODE|Win32.Build.0 = Debug Unicode|Win32
		{4C3E02C1-EB3A-4C79-99C8-921E804022C0}.Release Unicode|Win32.ActiveCfg = Release Unicode|Win32
		{4C3E02C1-EB3A-4C79-99C8-921E804022C0}.Release Unicode|Win32.Build.0 = Release Unicode|Win32
		{4C3E02C1-EB3A-4C79-99C8-921E804022C0}.Release|Win32.ActiveCfg = Release|Win32
		{4C3E02C1-EB3A-4C79-99C8-921E804022C0}.Release|Win32.Build.0 = Release|Win32
		{4C3E02C1-EB3A-4C79-99C8-921E804022C0}.ReleaseUNICODE|Win32.ActiveCfg = Release Unicode|Win32
		{4C3E02C1-EB3A-4C79-99C8-921E804022C0}.ReleaseUNICODE|Win32.Build.0 = Release Unicode|Win32
		{307D51F3-91E3-49A1-84F9-1681987E9570}.Debug Unicode|Win32.ActiveCfg = Debug|Win32
		{307D51F3-91E3-49A1-84F9-1681987E9570}.Debug Unicode|Win32.Build.0 = Debug|Win32
		{307D51F3-91E3-49A1-84F9-1681987E9570}.Debug|Win32.ActiveCfg = Debug|Win32
		{307D51F3-91E3-49A1-84F9-1681987E9570}.Debug|Win32.Build.0 = Debug|Win32
		{307D51F3-91E3-49A1-84F9-1681987E9570}.DebugUNICODE|Win32.ActiveCfg = DebugUNICODE|Win32
		{307D51F3-91E3-49A1-84F9-1681987E9570}.DebugUNICODE|Win32.Build.0 = DebugUNICODE|Win32
		{307D51F3-91E3-49A1-84F9-1681987E9570}.Release Unicode|Win32.ActiveCfg = Release|Win32
		{307D51F3-91E3-49A1-84F9-1681987E9570}.Release Unicode|Win32.Build.0 = Release|Win32
		{307D51F3-91E3-49A1-84F9-1681987E9570}.Release|Win32.ActiveCfg = Release|Win32
		{307D51F3-91E3-49A1-84F9-1681987E9570}.Release|Win32.Build.0 = Release|Win32
		{307D51F3-91E3-49A1-84F9-1681987E9570}.ReleaseUNICODE|Win32.ActiveCfg = ReleaseUNICODE|Win32
		{307D51F3-91E3-49A1-84F9-1681987E9570}.ReleaseUNICODE|Win32.Build.0 = ReleaseUNICODE|Win32
		{D739337B-3EE0-4E3E-95BC-E19BD31E88CA}.Debug Unicode|Win32.ActiveCfg = Debug UNICODE|Win32
		{D739337B-3EE0-4E3E-95BC-E19BD31E88CA}.Debug Unicode|Win32.Build.0 = Debug UNICODE|Win32
		{D739337B-3EE0-4E3E-95BC-E19BD31E88CA}.Debug|Win32.ActiveCfg = Debug|Win32
		{D739337B-3EE0-4E3E-95BC-E19BD31E88CA}.Debug|Win32.Build.0 = Debug|Win32
		{D739337B-3EE0-4E3E-95BC-E19BD31E88CA}.DebugUNICODE|Win32.ActiveCfg = Debug UNICODE|Win32
		{D739337B-3EE0-4E3E-95BC-E19BD31E88CA}.DebugUNICODE|Win32.Build.0 = Debug UNICODE|Win32
		{D739337B-3EE0-4E3E-95BC-E19BD31E88CA}.Release Unicode|Win32.ActiveCfg = Release UNICODE|Win32
		{D739337B-3EE0-4E3E-95BC-E19BD31E88CA}.Release Unicode|Win32.Build.0 = Release UNICODE|Win32
		{D739337B-3EE0-4E3E-95BC-E19BD31E88CA}.Release|Win32.ActiveCfg = Release|Win32
		{D739337B-3EE0-4E3E-95BC-E19BD31E88CA}.Release|Win32.Build.0 = Release|Win32
		{D739337B-3EE0-4E3E-95BC-E19BD31E88CA}.ReleaseUNICODE|Win32.ActiveCfg = Release|Win32
		{D739337B-3EE0-4E3E-95BC-E19BD31E88CA}.ReleaseUNICODE|Win32.Build.0 = Release|Win32
		{F889D707-F4C1-4DE9-8EF6-C7C475EA0030}.Debug Unicode|Win32.ActiveCfg = Debug|Win32
		{F889D707-F4C1-4DE9-8EF6-C7C475EA0030}.Debug Unicode|Win32.Build.0 = Debug|Win32
		{F889D707-F4C1-4DE9-8EF6-C7C475EA0030}.Debug|Win32.ActiveCfg = Debug|Win32
		{F889D707-F4C1-4DE9-8EF6-C7C475EA0030}.Debug|Win32.Build.0 = Debug|Win32
		{F889D707-F4C1-4DE9-8EF6-C7C475EA0030}.DebugUNICODE|Win32.ActiveCfg = Debug|Win32
		{F889D707-F4C1-4DE9-8EF6-C7C475EA0030}.DebugUNICODE|Win32.Build.0 = Debug|Win32
		{F889D707-F4C1-4DE9-8EF6-C7C475EA0030}.Release Unicode|Win32.ActiveCfg = Release|Win32
		{F889D707-F4C1-4DE9-8EF6-C7C475EA0030}.Release Unicode|Win32.Build.0 = Release|Win32
		{F889D707-F4C1-4DE9-8EF6-C7C475EA0030}.Release|Win32.ActiveCfg = Release|Win32
		{F889D707-F4C1-4DE9-8EF6-C7C475EA0030}.Release|Win32.Build.0 = Release|Win32
		{F889D707-F4C1-4DE9-8EF6-C7C475EA0030}.ReleaseUNICODE|Win32.ActiveCfg = Release|Win32
		{F889D707-F4C1-4DE9-8EF6-C7C475EA0030}.ReleaseUNICODE|Win32.Build.0 = Release|Win32
		{EDC8D6E4-0CD5-46A9-99A8-74A2C4472BC8}.Debug Unicode|Win32.ActiveCfg = Debug Unicode|Win32
		{EDC8D6E4-0CD5-46A9-99A8-74A2C4472BC8}.Debug Unicode|Win32.Build.0 = Debug Unicode|Win32
		{EDC8D6E4-0CD5-46A9-99A8-74A2C4472BC8}.Debug|Win32.ActiveCfg = Debug|Win32
		{EDC8D6E4-0CD5-46A9-99A8-74A2C4472BC8}.Debug|Win32.Build.0 = Debug|Win32
		{EDC8D6E4-0CD5-46A9-99A8-74A2C4472BC8}.DebugUNICODE|Win32.ActiveCfg = Debug Unicode|Win32
		{EDC8D6E4-0CD5-46A9-99A8-74A2C4472BC8}.DebugUNICODE|Win32.Build.0 = Debug Unicode|Win32
		{EDC8D6E4-0CD5-46A9-99A8-74A2C4472BC8}.Release Unicode|Win32.ActiveCfg = Release Unicode|Win32
		{EDC8D6E4-0CD5-46A9-99A8-74A2C4472BC8}.Release Unicode|Win32.Build.0 = Release Unicode|Win32
		{EDC8D6E4-0CD5-46A9-99A8-74A2C4472BC8}.Release|Win32.ActiveCfg = Release|Win32
		{EDC8D6E4-0CD5-46A9-99A8-74A2C4472BC8}.Release|Win32.Build.0 = Release|Win32
		{EDC8D6E4-0CD5-46A9-99A8-74A2C4472BC8}.ReleaseUNICODE|Win32.ActiveCfg = Release|Win32
		{EDC8D6E4-0CD5-46A9-99A8-74A2C4472BC8}.ReleaseUNICODE|Win32.Build.0 = Release|Win32
	EndGlobalSection
	GlobalSection(SolutionProperties) = preSolution
		HideSolutionNode = FALSE
	EndGlobalSection
EndGlobal
