<?xml version="1.0" encoding="utf-8"?>
<Project ToolsVersion="4.0" xmlns="http://schemas.microsoft.com/developer/msbuild/2003">
  <ItemGroup>
    <ClCompile Include="..\..\ThirdParty\tinyxml\tinyxml2\tinyxml2.cpp" />
    <ClCompile Include="BackgroundBar.cpp">
      <Filter>Source Files</Filter>
    </ClCompile>
    <ClCompile Include="GeomMapFile.cpp">
      <Filter>Source Files</Filter>
    </ClCompile>
    <ClCompile Include="GeomMemFile.cpp">
      <Filter>Source Files</Filter>
    </ClCompile>
    <ClCompile Include="GridMapFile.cpp">
      <Filter>Source Files</Filter>
    </ClCompile>
    <ClCompile Include="GridMemFile.cpp">
      <Filter>Source Files</Filter>
    </ClCompile>
    <ClCompile Include="Laydb.cpp">
      <Filter>Source Files</Filter>
    </ClCompile>
    <ClCompile Include="Layer.cpp">
      <Filter>Source Files</Filter>
    </ClCompile>
    <ClCompile Include="LayerAttrDlg.cpp">
      <Filter>Source Files</Filter>
    </ClCompile>
    <ClCompile Include="LayerPane.cpp">
      <Filter>Source Files</Filter>
    </ClCompile>
    <ClCompile Include="LayerTree.cpp">
      <Filter>Source Files</Filter>
    </ClCompile>
    <ClCompile Include="LayerTreeCtrl.cpp">
      <Filter>Source Files</Filter>
    </ClCompile>
    <ClCompile Include="Laypp.cpp">
      <Filter>Source Files</Filter>
    </ClCompile>
    <ClCompile Include="Laypt.cpp">
      <Filter>Source Files</Filter>
    </ClCompile>
    <ClCompile Include="Laypy.cpp">
      <Filter>Source Files</Filter>
    </ClCompile>
    <ClCompile Include="LayTableDlg.cpp">
      <Filter>Source Files</Filter>
    </ClCompile>
    <ClCompile Include="Main.cpp">
      <Filter>Source Files</Filter>
    </ClCompile>
    <ClCompile Include="PickLayDlg.cpp">
      <Filter>Source Files</Filter>
    </ClCompile>
    <ClCompile Include="Layif.cpp">
      <Filter>Source Files</Filter>
    </ClCompile>
    <ClCompile Include="SetIfDlg.cpp">
      <Filter>Source Files</Filter>
    </ClCompile>
    <ClCompile Include="Laylg.cpp">
      <Filter>Source Files</Filter>
    </ClCompile>
    <ClCompile Include="stdafx.cpp">
      <Filter>Source Files</Filter>
    </ClCompile>
  </ItemGroup>
  <ItemGroup>
    <ClInclude Include="..\..\ThirdParty\tinyxml\tinyxml2\tinyxml2.h" />
    <ClInclude Include="BackgroundBar.h">
      <Filter>Header Files</Filter>
    </ClInclude>
    <ClInclude Include="GeomMapFile.h">
      <Filter>Header Files</Filter>
    </ClInclude>
    <ClInclude Include="GeomMemFile.h">
      <Filter>Header Files</Filter>
    </ClInclude>
    <ClInclude Include="GridMapFile.h">
      <Filter>Header Files</Filter>
    </ClInclude>
    <ClInclude Include="GridMemFile.h">
      <Filter>Header Files</Filter>
    </ClInclude>
    <ClInclude Include="Laydb.h">
      <Filter>Header Files</Filter>
    </ClInclude>
    <ClInclude Include="Layer.h">
      <Filter>Header Files</Filter>
    </ClInclude>
    <ClInclude Include="LayerAttrDlg.h">
      <Filter>Header Files</Filter>
    </ClInclude>
    <ClInclude Include="LayerPane.h">
      <Filter>Header Files</Filter>
    </ClInclude>
    <ClInclude Include="LayerTree.h">
      <Filter>Header Files</Filter>
    </ClInclude>
    <ClInclude Include="LayerTreeCtrl.h">
      <Filter>Header Files</Filter>
    </ClInclude>
    <ClInclude Include="Laypp.h">
      <Filter>Header Files</Filter>
    </ClInclude>
    <ClInclude Include="Laypt.h">
      <Filter>Header Files</Filter>
    </ClInclude>
    <ClInclude Include="Laypy.h">
      <Filter>Header Files</Filter>
    </ClInclude>
    <ClInclude Include="LayTableDlg.h">
      <Filter>Header Files</Filter>
    </ClInclude>
    <ClInclude Include="PickLayDlg.h">
      <Filter>Header Files</Filter>
    </ClInclude>
    <ClInclude Include="stdafx.h">
      <Filter>Header Files</Filter>
    </ClInclude>
    <ClInclude Include="Resource.h">
      <Filter>Header Files</Filter>
    </ClInclude>
    <ClInclude Include="targetver.h">
      <Filter>Header Files</Filter>
    </ClInclude>
    <ClInclude Include="Holder.h">
      <Filter>Header Files</Filter>
    </ClInclude>
    <ClInclude Include="Layif.h">
      <Filter>Header Files</Filter>
    </ClInclude>
    <ClInclude Include="Laylg.h">
      <Filter>Header Files</Filter>
    </ClInclude>
    <ClInclude Include="SetIfDlg.h">
      <Filter>Header Files</Filter>
    </ClInclude>
  </ItemGroup>
  <ItemGroup>
    <None Include="ReadMe.txt" />
    <None Include="res\Layer.rc2">
      <Filter>Resource Files</Filter>
    </None>
    <None Include="res\Layer.ico">
      <Filter>Resource Files</Filter>
    </None>
    <None Include="res\Layer.bmp">
      <Filter>Resource Files</Filter>
    </None>
    <None Include="res\cur00001.cur">
      <Filter>Resource Files</Filter>
    </None>
    <None Include="res\Layer_Pane.bmp">
      <Filter>Resource Files</Filter>
    </None>
    <None Include="res\layermov.cur">
      <Filter>Resource Files</Filter>
    </None>
    <None Include="res\LayerType.bmp">
      <Filter>Resource Files</Filter>
    </None>
    <None Include="res\Menuitems.bmp">
      <Filter>Resource Files</Filter>
    </None>
    <None Include="res\Menuitems24.bmp">
      <Filter>Resource Files</Filter>
    </None>
  </ItemGroup>
  <ItemGroup>
    <Filter Include="Header Files">
      <UniqueIdentifier>{8223e562-9a68-451c-b2ed-55f36b85e74b}</UniqueIdentifier>
    </Filter>
    <Filter Include="Source Files">
      <UniqueIdentifier>{219a08aa-18ad-46c7-ba7b-8741d5bbaf50}</UniqueIdentifier>
    </Filter>
    <Filter Include="Resource Files">
      <UniqueIdentifier>{11aa2f79-c715-4ff9-867c-e9ef6bd5be78}</UniqueIdentifier>
    </Filter>
  </ItemGroup>
  <ItemGroup>
    <ResourceCompile Include="Layer.rc">
      <Filter>Resource Files</Filter>
    </ResourceCompile>
  </ItemGroup>
  <ItemGroup>
    <Image Include="res\LayerState.bmp">
      <Filter>Resource Files</Filter>
    </Image>
    <Image Include="res\layertypes.bmp">
      <Filter>Resource Files</Filter>
    </Image>
  </ItemGroup>
</Project>