<?xml version="1.0" encoding="utf-8"?>
<Project ToolsVersion="4.0" xmlns="http://schemas.microsoft.com/developer/msbuild/2003">
  <ItemGroup>
    <ClCompile Include="Color.cpp">
      <Filter>Source Files</Filter>
    </ClCompile>
    <ClCompile Include="ColorDlg.cpp">
      <Filter>Source Files</Filter>
    </ClCompile>
    <ClCompile Include="ColorProcess.cpp">
      <Filter>Source Files</Filter>
    </ClCompile>
    <ClCompile Include="ColorProcessDlg.cpp">
      <Filter>Source Files</Filter>
    </ClCompile>
    <ClCompile Include="ColorSpot.cpp">
      <Filter>Source Files</Filter>
    </ClCompile>
    <ClCompile Include="ColorSpotDlg.cpp">
      <Filter>Source Files</Filter>
    </ClCompile>
    <ClCompile Include="ColorGray.cpp">
      <Filter>Source Files</Filter>
    </ClCompile>
    <ClCompile Include="ColorGrayDlg.cpp">
      <Filter>Source Files</Filter>
    </ClCompile>
    <ClCompile Include="Dash.cpp">
      <Filter>Source Files</Filter>
    </ClCompile>
    <ClCompile Include="DashDlg.cpp">
      <Filter>Source Files</Filter>
    </ClCompile>
    <ClCompile Include="Fill.cpp">
      <Filter>Source Files</Filter>
    </ClCompile>
    <ClCompile Include="FillAloneDlg.cpp">
      <Filter>Source Files</Filter>
    </ClCompile>
    <ClCompile Include="FillCtrl.cpp">
      <Filter>Source Files</Filter>
    </ClCompile>
    <ClCompile Include="FillEmpty.cpp">
      <Filter>Source Files</Filter>
    </ClCompile>
    <ClCompile Include="FillFlash.cpp">
      <Filter>Source Files</Filter>
    </ClCompile>
    <ClCompile Include="FillPattern.cpp">
      <Filter>Source Files</Filter>
    </ClCompile>
    <ClCompile Include="FillPatternDlg.cpp">
      <Filter>Source Files</Filter>
    </ClCompile>
    <ClCompile Include="FillSymbol.cpp">
      <Filter>Source Files</Filter>
    </ClCompile>
    <ClCompile Include="FillSymbolDlg.cpp">
      <Filter>Source Files</Filter>
    </ClCompile>
    <ClCompile Include="FontCombox.cpp">
      <Filter>Source Files</Filter>
    </ClCompile>
    <ClCompile Include="GetFontFile.cpp">
      <Filter>Source Files</Filter>
    </ClCompile>
    <ClCompile Include="GetNameValue.cpp">
      <Filter>Source Files</Filter>
    </ClCompile>
    <ClCompile Include="Global.cpp">
      <Filter>Source Files</Filter>
    </ClCompile>
    <ClCompile Include="HintDlg.cpp">
      <Filter>Source Files</Filter>
    </ClCompile>
    <ClCompile Include="Icmm.cpp">
      <Filter>Source Files</Filter>
    </ClCompile>
    <ClCompile Include="Library.cpp">
      <Filter>Source Files</Filter>
    </ClCompile>
    <ClCompile Include="Line.cpp">
      <Filter>Source Files</Filter>
    </ClCompile>
    <ClCompile Include="LineAloneDlg.cpp">
      <Filter>Source Files</Filter>
    </ClCompile>
    <ClCompile Include="LineCtrl.cpp">
      <Filter>Source Files</Filter>
    </ClCompile>
    <ClCompile Include="LineEmpty.cpp">
      <Filter>Source Files</Filter>
    </ClCompile>
    <ClCompile Include="LineNormal.cpp">
      <Filter>Source Files</Filter>
    </ClCompile>
    <ClCompile Include="LineRiver.cpp">
      <Filter>Source Files</Filter>
    </ClCompile>
    <ClCompile Include="LineRiverDlg.cpp">
      <Filter>Source Files</Filter>
    </ClCompile>
    <ClCompile Include="LineSymbol.cpp">
      <Filter>Source Files</Filter>
    </ClCompile>
    <ClCompile Include="LineSymbolDlg.cpp">
      <Filter>Source Files</Filter>
    </ClCompile>
    <ClCompile Include="Psboard.cpp">
      <Filter>Source Files</Filter>
    </ClCompile>
    <ClCompile Include="Spot.cpp">
      <Filter>Source Files</Filter>
    </ClCompile>
    <ClCompile Include="SpotCtrl.cpp">
      <Filter>Source Files</Filter>
    </ClCompile>
    <ClCompile Include="SpotFlashDlg.cpp">
      <Filter>Source Files</Filter>
    </ClCompile>
    <ClCompile Include="SpotPattern.cpp">
      <Filter>Source Files</Filter>
    </ClCompile>
    <ClCompile Include="SpotPatternDlg.cpp">
      <Filter>Source Files</Filter>
    </ClCompile>
    <ClCompile Include="SpotSymbol.cpp">
      <Filter>Source Files</Filter>
    </ClCompile>
    <ClCompile Include="SpotSymbolDlg.cpp">
      <Filter>Source Files</Filter>
    </ClCompile>
    <ClCompile Include="Style.cpp">
      <Filter>Source Files</Filter>
    </ClCompile>
    <ClCompile Include="StyleDlg.cpp">
      <Filter>Source Files</Filter>
    </ClCompile>
    <ClCompile Include="Symbol.cpp">
      <Filter>Source Files</Filter>
    </ClCompile>
    <ClCompile Include="SymbolFill.cpp">
      <Filter>Source Files</Filter>
    </ClCompile>
    <ClCompile Include="SymbolLine.cpp">
      <Filter>Source Files</Filter>
    </ClCompile>
    <ClCompile Include="SymbolSpot.cpp">
      <Filter>Source Files</Filter>
    </ClCompile>
    <ClCompile Include="TextStyle.cpp">
      <Filter>Source Files</Filter>
    </ClCompile>
    <ClCompile Include="TextStyleDlg0.cpp">
      <Filter>Source Files</Filter>
    </ClCompile>
    <ClCompile Include="TextStyleDlg1.cpp">
      <Filter>Source Files</Filter>
    </ClCompile>
    <ClCompile Include="TextStyleDlg2.cpp">
      <Filter>Source Files</Filter>
    </ClCompile>
    <ClCompile Include="Type.cpp">
      <Filter>Source Files</Filter>
    </ClCompile>
    <ClCompile Include="TypeCombo.cpp">
      <Filter>Source Files</Filter>
    </ClCompile>
    <ClCompile Include="TypeDlg.cpp">
      <Filter>Source Files</Filter>
    </ClCompile>
    <ClCompile Include="Hint.cpp">
      <Filter>Source Files</Filter>
    </ClCompile>
    <ClCompile Include="FillCompact.cpp">
      <Filter>Source Files</Filter>
    </ClCompile>
    <ClCompile Include="FillComplex.cpp">
      <Filter>Source Files</Filter>
    </ClCompile>
    <ClCompile Include="FillGeneral.cpp">
      <Filter>Source Files</Filter>
    </ClCompile>
    <ClCompile Include="FillAlone.cpp">
      <Filter>Source Files</Filter>
    </ClCompile>
    <ClCompile Include="FillGradient.cpp">
      <Filter>Source Files</Filter>
    </ClCompile>
    <ClCompile Include="FillLinear.cpp">
      <Filter>Source Files</Filter>
    </ClCompile>
    <ClCompile Include="FillLinearDlg.cpp">
      <Filter>Source Files</Filter>
    </ClCompile>
    <ClCompile Include="FillRadial.cpp">
      <Filter>Source Files</Filter>
    </ClCompile>
    <ClCompile Include="FillRadialDlg.cpp">
      <Filter>Source Files</Filter>
    </ClCompile>
    <ClCompile Include="GradientDlg.cpp">
      <Filter>Source Files</Filter>
    </ClCompile>
    <ClCompile Include="Mid.cpp">
      <Filter>Source Files</Filter>
    </ClCompile>
    <ClCompile Include="FlashMid.cpp">
      <Filter>Source Files</Filter>
    </ClCompile>
    <ClCompile Include="PatternMid.cpp">
      <Filter>Source Files</Filter>
    </ClCompile>
    <ClCompile Include="SpotFont.cpp">
      <Filter>Source Files</Filter>
    </ClCompile>
    <ClCompile Include="SpotFontDlg.cpp">
      <Filter>Source Files</Filter>
    </ClCompile>
    <ClCompile Include="MemPtrReader.cpp">
      <Filter>Source Files</Filter>
    </ClCompile>
    <ClCompile Include="SpotFlash.cpp">
      <Filter>Source Files</Filter>
    </ClCompile>
    <ClCompile Include="stdafx.cpp">
      <Filter>Source Files</Filter>
    </ClCompile>
    <ClCompile Include="FontDesc.cpp">
      <Filter>Source Files</Filter>
    </ClCompile>
  </ItemGroup>
  <ItemGroup>
    <ClInclude Include="AfxMessageMap.h">
      <Filter>Header Files</Filter>
    </ClInclude>
    <ClInclude Include="Color.h">
      <Filter>Header Files</Filter>
    </ClInclude>
    <ClInclude Include="ColorDlg.h">
      <Filter>Header Files</Filter>
    </ClInclude>
    <ClInclude Include="ColorProcess.h">
      <Filter>Header Files</Filter>
    </ClInclude>
    <ClInclude Include="ColorProcessDlg.h">
      <Filter>Header Files</Filter>
    </ClInclude>
    <ClInclude Include="ColorSpot.h">
      <Filter>Header Files</Filter>
    </ClInclude>
    <ClInclude Include="ColorSpotDlg.h">
      <Filter>Header Files</Filter>
    </ClInclude>
    <ClInclude Include="ColorGray.h">
      <Filter>Header Files</Filter>
    </ClInclude>
    <ClInclude Include="ColorGrayDlg.h">
      <Filter>Header Files</Filter>
    </ClInclude>
    <ClInclude Include="Dash.h">
      <Filter>Header Files</Filter>
    </ClInclude>
    <ClInclude Include="DashDlg.h">
      <Filter>Header Files</Filter>
    </ClInclude>
    <ClInclude Include="Fill.h">
      <Filter>Header Files</Filter>
    </ClInclude>
    <ClInclude Include="FillAloneDlg.h">
      <Filter>Header Files</Filter>
    </ClInclude>
    <ClInclude Include="FillCtrl.h">
      <Filter>Header Files</Filter>
    </ClInclude>
    <ClInclude Include="FillEmpty.h">
      <Filter>Header Files</Filter>
    </ClInclude>
    <ClInclude Include="FillFlash.h">
      <Filter>Header Files</Filter>
    </ClInclude>
    <ClInclude Include="FillPattern.h">
      <Filter>Header Files</Filter>
    </ClInclude>
    <ClInclude Include="FillPatternDlg.h">
      <Filter>Header Files</Filter>
    </ClInclude>
    <ClInclude Include="FillSymbol.h">
      <Filter>Header Files</Filter>
    </ClInclude>
    <ClInclude Include="FillSymbolDlg.h">
      <Filter>Header Files</Filter>
    </ClInclude>
    <ClInclude Include="FontCombox.h">
      <Filter>Header Files</Filter>
    </ClInclude>
    <ClInclude Include="GetFontFile.h">
      <Filter>Header Files</Filter>
    </ClInclude>
    <ClInclude Include="GetNameValue.h">
      <Filter>Header Files</Filter>
    </ClInclude>
    <ClInclude Include="Global.h">
      <Filter>Header Files</Filter>
    </ClInclude>
    <ClInclude Include="Hint.h">
      <Filter>Header Files</Filter>
    </ClInclude>
    <ClInclude Include="HintDlg.h">
      <Filter>Header Files</Filter>
    </ClInclude>
    <ClInclude Include="Icmm.h">
      <Filter>Header Files</Filter>
    </ClInclude>
    <ClInclude Include="Library.h">
      <Filter>Header Files</Filter>
    </ClInclude>
    <ClInclude Include="Line.h">
      <Filter>Header Files</Filter>
    </ClInclude>
    <ClInclude Include="LineAloneDlg.h">
      <Filter>Header Files</Filter>
    </ClInclude>
    <ClInclude Include="LineCtrl.h">
      <Filter>Header Files</Filter>
    </ClInclude>
    <ClInclude Include="LineEmpty.h">
      <Filter>Header Files</Filter>
    </ClInclude>
    <ClInclude Include="LineNormal.h">
      <Filter>Header Files</Filter>
    </ClInclude>
    <ClInclude Include="LineRiver.h">
      <Filter>Header Files</Filter>
    </ClInclude>
    <ClInclude Include="LineRiverDlg.h">
      <Filter>Header Files</Filter>
    </ClInclude>
    <ClInclude Include="LineSymbol.h">
      <Filter>Header Files</Filter>
    </ClInclude>
    <ClInclude Include="LineSymbolDlg.h">
      <Filter>Header Files</Filter>
    </ClInclude>
    <ClInclude Include="Psboard.h">
      <Filter>Header Files</Filter>
    </ClInclude>
    <ClInclude Include="resource.h">
      <Filter>Header Files</Filter>
    </ClInclude>
    <ClInclude Include="Spot.h">
      <Filter>Header Files</Filter>
    </ClInclude>
    <ClInclude Include="SpotCtrl.h">
      <Filter>Header Files</Filter>
    </ClInclude>
    <ClInclude Include="SpotFlash.h">
      <Filter>Header Files</Filter>
    </ClInclude>
    <ClInclude Include="SpotFlashDlg.h">
      <Filter>Header Files</Filter>
    </ClInclude>
    <ClInclude Include="SpotPattern.h">
      <Filter>Header Files</Filter>
    </ClInclude>
    <ClInclude Include="SpotPatternDlg.h">
      <Filter>Header Files</Filter>
    </ClInclude>
    <ClInclude Include="SpotSymbol.h">
      <Filter>Header Files</Filter>
    </ClInclude>
    <ClInclude Include="SpotSymbolDlg.h">
      <Filter>Header Files</Filter>
    </ClInclude>
    <ClInclude Include="StdAfx.h">
      <Filter>Header Files</Filter>
    </ClInclude>
    <ClInclude Include="Style.h">
      <Filter>Header Files</Filter>
    </ClInclude>
    <ClInclude Include="StyleDlg.h">
      <Filter>Header Files</Filter>
    </ClInclude>
    <ClInclude Include="Symbol.h">
      <Filter>Header Files</Filter>
    </ClInclude>
    <ClInclude Include="SymbolFill.h">
      <Filter>Header Files</Filter>
    </ClInclude>
    <ClInclude Include="SymbolLine.h">
      <Filter>Header Files</Filter>
    </ClInclude>
    <ClInclude Include="SymbolSpot.h">
      <Filter>Header Files</Filter>
    </ClInclude>
    <ClInclude Include="TextStyle.h">
      <Filter>Header Files</Filter>
    </ClInclude>
    <ClInclude Include="TextStyleDlg0.h">
      <Filter>Header Files</Filter>
    </ClInclude>
    <ClInclude Include="TextStyleDlg1.h">
      <Filter>Header Files</Filter>
    </ClInclude>
    <ClInclude Include="TextStyleDlg2.h">
      <Filter>Header Files</Filter>
    </ClInclude>
    <ClInclude Include="Type.h">
      <Filter>Header Files</Filter>
    </ClInclude>
    <ClInclude Include="TypeCombo.h">
      <Filter>Header Files</Filter>
    </ClInclude>
    <ClInclude Include="TypeDlg.h">
      <Filter>Header Files</Filter>
    </ClInclude>
    <ClInclude Include="FillCompact.h">
      <Filter>Header Files</Filter>
    </ClInclude>
    <ClInclude Include="FillComplex.h">
      <Filter>Header Files</Filter>
    </ClInclude>
    <ClInclude Include="FillGeneral.h">
      <Filter>Header Files</Filter>
    </ClInclude>
    <ClInclude Include="FillAlone.h">
      <Filter>Header Files</Filter>
    </ClInclude>
    <ClInclude Include="FillGradient.h">
      <Filter>Header Files</Filter>
    </ClInclude>
    <ClInclude Include="FillLinear.h">
      <Filter>Header Files</Filter>
    </ClInclude>
    <ClInclude Include="FillRadialDlg.h">
      <Filter>Header Files</Filter>
    </ClInclude>
    <ClInclude Include="FillLinearDlg.h">
      <Filter>Header Files</Filter>
    </ClInclude>
    <ClInclude Include="FillRadial.h">
      <Filter>Header Files</Filter>
    </ClInclude>
    <ClInclude Include="GradientDlg.h">
      <Filter>Header Files</Filter>
    </ClInclude>
    <ClInclude Include="Mid.h">
      <Filter>Header Files</Filter>
    </ClInclude>
    <ClInclude Include="FlashMid.h">
      <Filter>Header Files</Filter>
    </ClInclude>
    <ClInclude Include="FlashMidDlg.h">
      <Filter>Header Files</Filter>
    </ClInclude>
    <ClInclude Include="PatternMid.h">
      <Filter>Header Files</Filter>
    </ClInclude>
    <ClInclude Include="PatternMidDlg.h">
      <Filter>Header Files</Filter>
    </ClInclude>
    <ClInclude Include="SymbolMid.hpp">
      <Filter>Header Files</Filter>
    </ClInclude>
    <ClInclude Include="SymbolMidDlg.h">
      <Filter>Header Files</Filter>
    </ClInclude>
    <ClInclude Include="SpotFont.h">
      <Filter>Header Files</Filter>
    </ClInclude>
    <ClInclude Include="SpotFontDlg.h">
      <Filter>Header Files</Filter>
    </ClInclude>
    <ClInclude Include="MemPtrReader.h">
      <Filter>Header Files</Filter>
    </ClInclude>
    <ClInclude Include="pbftag.h">
      <Filter>Header Files</Filter>
    </ClInclude>
    <ClInclude Include="MidTable.hpp" />
    <ClInclude Include="FontDesc.h">
      <Filter>Header Files</Filter>
    </ClInclude>
  </ItemGroup>
  <ItemGroup>
    <None Include="ReadMe.txt" />
    <None Include="res\bitmap1.bmp">
      <Filter>Resource Files</Filter>
    </None>
    <None Include="res\toolbar1.bmp">
      <Filter>Resource Files</Filter>
    </None>
    <None Include="res\bitmap2.bmp">
      <Filter>Resource Files</Filter>
    </None>
    <None Include="res\bmp00001.bmp">
      <Filter>Resource Files</Filter>
    </None>
    <None Include="res\Cflat.bmp">
      <Filter>Resource Files</Filter>
    </None>
    <None Include="res\Cround.bmp">
      <Filter>Resource Files</Filter>
    </None>
    <None Include="res\Csquare.bmp">
      <Filter>Resource Files</Filter>
    </None>
    <None Include="res\cur00001.cur">
      <Filter>Resource Files</Filter>
    </None>
    <None Include="res\icon1.ico">
      <Filter>Resource Files</Filter>
    </None>
    <None Include="res\Jbevel.bmp">
      <Filter>Resource Files</Filter>
    </None>
    <None Include="res\Jmiter.bmp">
      <Filter>Resource Files</Filter>
    </None>
    <None Include="res\Jround.bmp">
      <Filter>Resource Files</Filter>
    </None>
    <None Include="res\Layer.bmp">
      <Filter>Resource Files</Filter>
    </None>
    <None Include="res\Layer.ico">
      <Filter>Resource Files</Filter>
    </None>
    <None Include="res\Layer_Menu.bmp">
      <Filter>Resource Files</Filter>
    </None>
    <None Include="res\Layer_Pane.bmp">
      <Filter>Resource Files</Filter>
    </None>
    <None Include="res\layerima.bmp">
      <Filter>Resource Files</Filter>
    </None>
    <None Include="res\LayerImage.bmp">
      <Filter>Resource Files</Filter>
    </None>
    <None Include="res\layermov.cur">
      <Filter>Resource Files</Filter>
    </None>
    <None Include="res\LayerPane.ico">
      <Filter>Resource Files</Filter>
    </None>
    <None Include="res\layersta.bmp">
      <Filter>Resource Files</Filter>
    </None>
    <None Include="res\LayerState.bmp">
      <Filter>Resource Files</Filter>
    </None>
    <None Include="res\LayerType.bmp">
      <Filter>Resource Files</Filter>
    </None>
    <None Include="res\MenuArrow.bmp">
      <Filter>Resource Files</Filter>
    </None>
    <None Include="res\Menuitems.bmp">
      <Filter>Resource Files</Filter>
    </None>
    <None Include="res\Menuitems24.bmp">
      <Filter>Resource Files</Filter>
    </None>
    <None Include="res\smallico.bmp">
      <Filter>Resource Files</Filter>
    </None>
    <None Include="Style.def">
      <Filter>Resource Files</Filter>
    </None>
    <None Include="res\Style.rc2">
      <Filter>Resource Files</Filter>
    </None>
    <None Include="res\TierImag.bmp">
      <Filter>Resource Files</Filter>
    </None>
    <None Include="res\TierImage.bmp">
      <Filter>Resource Files</Filter>
    </None>
    <None Include="res\TierStat.bmp">
      <Filter>Resource Files</Filter>
    </None>
    <None Include="res\TierState.bmp">
      <Filter>Resource Files</Filter>
    </None>
    <None Include="res\TagStyles.bmp">
      <Filter>Resource Files</Filter>
    </None>
    <None Include="res\Background.bmp">
      <Filter>Resource Files</Filter>
    </None>
    <None Include="res\filltype.bmp">
      <Filter>Resource Files</Filter>
    </None>
    <None Include="res\FillTypes.bmp">
      <Filter>Resource Files</Filter>
    </None>
    <None Include="res\SpotTypes.bmp">
      <Filter>Resource Files</Filter>
    </None>
    <None Include="res\StrokeTypes.bmp">
      <Filter>Resource Files</Filter>
    </None>
    <None Include="res\Pencil.bmp">
      <Filter>Resource Files</Filter>
    </None>
    <None Include="res\Ruler.bmp">
      <Filter>Resource Files</Filter>
    </None>
  </ItemGroup>
  <ItemGroup>
    <Filter Include="Resource Files">
      <UniqueIdentifier>{85496d3a-fce3-40bc-92bd-6d96e40adbe2}</UniqueIdentifier>
    </Filter>
    <Filter Include="Source Files">
      <UniqueIdentifier>{f233c107-7687-45ee-b4cb-82c4c9789d61}</UniqueIdentifier>
    </Filter>
    <Filter Include="Header Files">
      <UniqueIdentifier>{7aa0f5ce-0e42-4dcd-b792-24c356841fa8}</UniqueIdentifier>
    </Filter>
  </ItemGroup>
  <ItemGroup>
    <ResourceCompile Include="Style.rc">
      <Filter>Resource Files</Filter>
    </ResourceCompile>
  </ItemGroup>
</Project>