<?xml version="1.0" encoding="utf-8"?>
<Project ToolsVersion="4.0" xmlns="http://schemas.microsoft.com/developer/msbuild/2003">
  <ItemGroup>
    <ClCompile Include="Gcs.cpp">
      <Filter>Source Files</Filter>
    </ClCompile>
    <ClCompile Include="Geocentric.cpp">
      <Filter>Source Files</Filter>
    </ClCompile>
    <ClCompile Include="Geographic.cpp">
      <Filter>Source Files</Filter>
    </ClCompile>
    <ClCompile Include="Global.cpp">
      <Filter>Source Files</Filter>
    </ClCompile>
    <ClCompile Include="ParameterCtrl.cpp">
      <Filter>Source Files</Filter>
    </ClCompile>
    <ClCompile Include="Projection.cpp">
      <Filter>Source Files</Filter>
    </ClCompile>
    <ClCompile Include="Projection1.cpp">
      <Filter>Source Files</Filter>
    </ClCompile>
    <ClCompile Include="ProjectDlg.cpp">
      <Filter>Source Files</Filter>
    </ClCompile>
    <ClCompile Include="StdAfx.cpp">
      <Filter>Source Files</Filter>
    </ClCompile>
    <ClCompile Include="Circler.cpp">
      <Filter>Source Files</Filter>
    </ClCompile>
    <ClCompile Include="RotateDlg.cpp">
      <Filter>Source Files</Filter>
    </ClCompile>
    <ClCompile Include="ParameterDlg.cpp">
      <Filter>Source Files</Filter>
    </ClCompile>
    <ClCompile Include="Antimeridian.cpp">
      <Filter>Source Files</Filter>
    </ClCompile>
    <ClCompile Include="Clipper.cpp">
      <Filter>Source Files</Filter>
    </ClCompile>
  </ItemGroup>
  <ItemGroup>
    <ClInclude Include="Gcs.h">
      <Filter>Header Files</Filter>
    </ClInclude>
    <ClInclude Include="Geocentric.h">
      <Filter>Header Files</Filter>
    </ClInclude>
    <ClInclude Include="Geographic.h">
      <Filter>Header Files</Filter>
    </ClInclude>
    <ClInclude Include="ParameterCtrl.h">
      <Filter>Header Files</Filter>
    </ClInclude>
    <ClInclude Include="Projection.h">
      <Filter>Header Files</Filter>
    </ClInclude>
    <ClInclude Include="Projection1.h">
      <Filter>Header Files</Filter>
    </ClInclude>
    <ClInclude Include="ProjectDlg.h">
      <Filter>Header Files</Filter>
    </ClInclude>
    <ClInclude Include="Resource.h">
      <Filter>Header Files</Filter>
    </ClInclude>
    <ClInclude Include="StdAfx.h">
      <Filter>Header Files</Filter>
    </ClInclude>
    <ClInclude Include="targetver.h">
      <Filter>Header Files</Filter>
    </ClInclude>
    <ClInclude Include="Interpolator.hpp">
      <Filter>Header Files</Filter>
    </ClInclude>
    <ClInclude Include="Circler.h">
      <Filter>Header Files</Filter>
    </ClInclude>
    <ClInclude Include="ParameterDlg.h">
      <Filter>Header Files</Filter>
    </ClInclude>
    <ClInclude Include="RotateDlg.h">
      <Filter>Header Files</Filter>
    </ClInclude>
    <ClInclude Include="Antimeridian.h">
      <Filter>Header Files</Filter>
    </ClInclude>
    <ClInclude Include="Clipper.h">
      <Filter>Header Files</Filter>
    </ClInclude>
  </ItemGroup>
  <ItemGroup>
    <None Include="Projection.def">
      <Filter>Resource Files</Filter>
    </None>
    <None Include="res\Projection.rc2">
      <Filter>Resource Files</Filter>
    </None>
  </ItemGroup>
  <ItemGroup>
    <Filter Include="Source Files">
      <UniqueIdentifier>{4d2b59ba-9924-4edf-98e2-92047b70f703}</UniqueIdentifier>
    </Filter>
    <Filter Include="Header Files">
      <UniqueIdentifier>{391a736d-845e-4272-96d9-95e1d00b1d4c}</UniqueIdentifier>
    </Filter>
    <Filter Include="Resource Files">
      <UniqueIdentifier>{96999b01-e4e8-42da-9d89-8fe40f12c6ea}</UniqueIdentifier>
    </Filter>
  </ItemGroup>
  <ItemGroup>
    <ResourceCompile Include="Projection.rc">
      <Filter>Resource Files</Filter>
    </ResourceCompile>
  </ItemGroup>
</Project>