<?xml version="1.0" encoding="utf-8"?>
<Project ToolsVersion="4.0" xmlns="http://schemas.microsoft.com/developer/msbuild/2003">
  <ItemGroup>
    <ClCompile Include="AttributeCtrl.cpp">
      <Filter>Source Files</Filter>
    </ClCompile>
    <ClCompile Include="AutoUpdater.cpp">
      <Filter>Source Files</Filter>
    </ClCompile>
    <ClCompile Include="CellEdit.cpp">
      <Filter>Source Files</Filter>
    </ClCompile>
    <ClCompile Include="CellList.cpp">
      <Filter>Source Files</Filter>
    </ClCompile>
    <ClCompile Include="Fieldset.cpp">
      <Filter>Source Files</Filter>
    </ClCompile>
    <ClCompile Include="Function.cpp">
      <Filter>Source Files</Filter>
    </ClCompile>
    <ClCompile Include="Global.cpp">
      <Filter>Source Files</Filter>
    </ClCompile>
    <ClCompile Include="Hashtable.cpp">
      <Filter>Source Files</Filter>
    </ClCompile>
    <ClCompile Include="LicenceDlg.cpp">
      <Filter>Source Files</Filter>
    </ClCompile>
    <ClCompile Include="ListCtrlEx.cpp">
      <Filter>Source Files</Filter>
    </ClCompile>
    <ClCompile Include="Equation.cpp">
      <Filter>Source Files</Filter>
    </ClCompile>
    <ClCompile Include="ODBCDatabase.cpp">
      <Filter>Source Files</Filter>
    </ClCompile>
    <ClCompile Include="PropertyPane.cpp">
      <Filter>Source Files</Filter>
    </ClCompile>
    <ClCompile Include="Public.cpp">
      <Filter>Source Files</Filter>
    </ClCompile>
    <ClCompile Include="RecordCtrl.cpp">
      <Filter>Source Files</Filter>
    </ClCompile>
    <ClCompile Include="RecordsetEx.cpp">
      <Filter>Source Files</Filter>
    </ClCompile>
    <ClCompile Include="TablePicker.cpp">
      <Filter>Source Files</Filter>
    </ClCompile>
    <ClCompile Include="Tableset.cpp">
      <Filter>Source Files</Filter>
    </ClCompile>
    <ClCompile Include="TimeWatcher.cpp">
      <Filter>Source Files</Filter>
    </ClCompile>
    <ClCompile Include="WebService.cpp">
      <Filter>Source Files</Filter>
    </ClCompile>
    <ClCompile Include="PaneMenuButton.cpp">
      <Filter>Source Files</Filter>
    </ClCompile>
    <ClCompile Include="Databaseconnection.cpp">
      <Filter>Source Files</Filter>
    </ClCompile>
    <ClCompile Include="EndianSwap.cpp">
      <Filter>Source Files</Filter>
    </ClCompile>
    <ClCompile Include="..\..\Thirdparty\tinyxml\tinyxml2\tinyxml2.cpp" />
    <ClCompile Include="HttpSession.cpp">
      <Filter>Source Files</Filter>
    </ClCompile>
    <ClCompile Include="BinaryStream.cpp">
      <Filter>Source Files</Filter>
    </ClCompile>
    <ClCompile Include="ProgressDlg.cpp">
      <Filter>Source Files</Filter>
    </ClCompile>
    <ClCompile Include="stdafx.cpp" />
  </ItemGroup>
  <ItemGroup>
    <ClInclude Include="AttributeCtrl.h">
      <Filter>Header Files</Filter>
    </ClInclude>
    <ClInclude Include="AutoUpdater.h">
      <Filter>Header Files</Filter>
    </ClInclude>
    <ClInclude Include="CellEdit.h">
      <Filter>Header Files</Filter>
    </ClInclude>
    <ClInclude Include="CellList.h">
      <Filter>Header Files</Filter>
    </ClInclude>
    <ClInclude Include="Enumeration.h">
      <Filter>Header Files</Filter>
    </ClInclude>
    <ClInclude Include="FavorListCtrl.h">
      <Filter>Header Files</Filter>
    </ClInclude>
    <ClInclude Include="Fieldset.h">
      <Filter>Header Files</Filter>
    </ClInclude>
    <ClInclude Include="Function.h">
      <Filter>Header Files</Filter>
    </ClInclude>
    <ClInclude Include="Global.h">
      <Filter>Header Files</Filter>
    </ClInclude>
    <ClInclude Include="Hashtable.h">
      <Filter>Header Files</Filter>
    </ClInclude>
    <ClInclude Include="LicenceDlg.h">
      <Filter>Header Files</Filter>
    </ClInclude>
    <ClInclude Include="ListCtrlEx.h">
      <Filter>Header Files</Filter>
    </ClInclude>
    <ClInclude Include="Equation.h">
      <Filter>Header Files</Filter>
    </ClInclude>
    <ClInclude Include="ODBCDatabase.h">
      <Filter>Header Files</Filter>
    </ClInclude>
    <ClInclude Include="PropertyPane.h">
      <Filter>Header Files</Filter>
    </ClInclude>
    <ClInclude Include="Public.h">
      <Filter>Header Files</Filter>
    </ClInclude>
    <ClInclude Include="RecordCtrl.h">
      <Filter>Header Files</Filter>
    </ClInclude>
    <ClInclude Include="RecordsetEx.h">
      <Filter>Header Files</Filter>
    </ClInclude>
    <ClInclude Include="Resource.h">
      <Filter>Header Files</Filter>
    </ClInclude>
    <ClInclude Include="stdafx.h">
      <Filter>Header Files</Filter>
    </ClInclude>
    <ClInclude Include="TablePicker.h">
      <Filter>Header Files</Filter>
    </ClInclude>
    <ClInclude Include="Tableset.h">
      <Filter>Header Files</Filter>
    </ClInclude>
    <ClInclude Include="targetver.h">
      <Filter>Header Files</Filter>
    </ClInclude>
    <ClInclude Include="TimeWatcher.h">
      <Filter>Header Files</Filter>
    </ClInclude>
    <ClInclude Include="ValueCounter.h">
      <Filter>Header Files</Filter>
    </ClInclude>
    <ClInclude Include="WebService.h">
      <Filter>Header Files</Filter>
    </ClInclude>
    <ClInclude Include="PaneMenuButton.h">
      <Filter>Header Files</Filter>
    </ClInclude>
    <ClInclude Include="PaneToolBar.h">
      <Filter>Header Files</Filter>
    </ClInclude>
    <ClInclude Include="Databaseconnection.h">
      <Filter>Header Files</Filter>
    </ClInclude>
    <ClInclude Include="TreeNode.h">
      <Filter>Header Files</Filter>
    </ClInclude>
    <ClInclude Include="EndianSwap.h">
      <Filter>Header Files</Filter>
    </ClInclude>
    <ClInclude Include="..\..\Thirdparty\tinyxml\tinyxml2\tinyxml2.h" />
    <ClInclude Include="Base64.h">
      <Filter>Header Files</Filter>
    </ClInclude>
    <ClInclude Include="HttpSession.h">
      <Filter>Header Files</Filter>
    </ClInclude>
    <ClInclude Include="IPlugin.h" />
    <ClInclude Include="BinaryStream.h">
      <Filter>Header Files</Filter>
    </ClInclude>
    <ClInclude Include="HttpUrlParser.hpp">
      <Filter>Header Files</Filter>
    </ClInclude>
    <ClInclude Include="ProgressDlg.h" />
    <ClInclude Include="Infostructure.hpp">
      <Filter>Header Files</Filter>
    </ClInclude>
  </ItemGroup>
  <ItemGroup>
    <None Include="ReadMe.txt" />
    <None Include="res\filetypes.bmp">
      <Filter>Resource Files</Filter>
    </None>
    <None Include="res\Public.rc2">
      <Filter>Resource Files</Filter>
    </None>
    <None Include="res\ItemImage.bmp">
      <Filter>Resource Files</Filter>
    </None>
    <None Include="res\property.ico">
      <Filter>Resource Files</Filter>
    </None>
    <None Include="res\Property24.bmp">
      <Filter>Resource Files</Filter>
    </None>
    <None Include="Public.def">
      <Filter>Resource Files</Filter>
    </None>
  </ItemGroup>
  <ItemGroup>
    <Filter Include="Source Files">
      <UniqueIdentifier>{6f85455c-b0c7-4469-b3c5-6c181790cb9c}</UniqueIdentifier>
    </Filter>
    <Filter Include="Header Files">
      <UniqueIdentifier>{f8ca597c-61d6-425f-af3a-2018244c3ce3}</UniqueIdentifier>
    </Filter>
    <Filter Include="Resource Files">
      <UniqueIdentifier>{ee38a227-2ee6-4a9a-bd20-e2554558bb66}</UniqueIdentifier>
    </Filter>
  </ItemGroup>
  <ItemGroup>
    <ResourceCompile Include="Public.rc">
      <Filter>Resource Files</Filter>
    </ResourceCompile>
  </ItemGroup>
</Project>