<?xml version="1.0" encoding="utf-8"?>
<Project ToolsVersion="4.0" xmlns="http://schemas.microsoft.com/developer/msbuild/2003">
  <ItemGroup>
    <ClCompile Include="Coder.cpp">
      <Filter>Source Files</Filter>
    </ClCompile>
    <ClCompile Include="Coding.cpp">
      <Filter>Source Files</Filter>
    </ClCompile>
    <ClCompile Include="Global.cpp">
      <Filter>Source Files</Filter>
    </ClCompile>
    <ClCompile Include="Message.cpp">
      <Filter>Source Files</Filter>
    </ClCompile>
    <ClCompile Include="NP706.cpp">
      <Filter>Source Files</Filter>
    </ClCompile>
    <ClCompile Include="NP850.cpp">
      <Filter>Source Files</Filter>
    </ClCompile>
    <ClCompile Include="NP860.cpp">
      <Filter>Source Files</Filter>
    </ClCompile>
    <ClCompile Include="StarG3_PS660.cpp">
      <Filter>Source Files</Filter>
    </ClCompile>
    <ClCompile Include="StdAfx.cpp">
      <Filter>Source Files</Filter>
    </ClCompile>
  </ItemGroup>
  <ItemGroup>
    <ClInclude Include="Coder.h">
      <Filter>Header Files</Filter>
    </ClInclude>
    <ClInclude Include="Coding.h">
      <Filter>Header Files</Filter>
    </ClInclude>
    <ClInclude Include="Global.h">
      <Filter>Header Files</Filter>
    </ClInclude>
    <ClInclude Include="Message.h">
      <Filter>Header Files</Filter>
    </ClInclude>
    <ClInclude Include="NP706.h">
      <Filter>Header Files</Filter>
    </ClInclude>
    <ClInclude Include="NP850.h">
      <Filter>Header Files</Filter>
    </ClInclude>
    <ClInclude Include="NP860.h">
      <Filter>Header Files</Filter>
    </ClInclude>
    <ClInclude Include="Resource.h">
      <Filter>Header Files</Filter>
    </ClInclude>
    <ClInclude Include="StarG3_PS660.h">
      <Filter>Header Files</Filter>
    </ClInclude>
    <ClInclude Include="StdAfx.h">
      <Filter>Header Files</Filter>
    </ClInclude>
  </ItemGroup>
  <ItemGroup>
    <None Include="ReadMe.txt" />
    <None Include="Coding.def">
      <Filter>Resource Files</Filter>
    </None>
    <None Include="res\Coding.rc2">
      <Filter>Resource Files</Filter>
    </None>
  </ItemGroup>
  <ItemGroup>
    <Filter Include="Source Files">
      <UniqueIdentifier>{361da3b0-e124-4993-845c-1767c8f824f7}</UniqueIdentifier>
    </Filter>
    <Filter Include="Header Files">
      <UniqueIdentifier>{866bd564-8bce-4c62-9eaa-dd34eb8cf4b9}</UniqueIdentifier>
    </Filter>
    <Filter Include="Resource Files">
      <UniqueIdentifier>{c5816219-5e1b-4f1c-906d-9338d1c71b65}</UniqueIdentifier>
    </Filter>
  </ItemGroup>
  <ItemGroup>
    <ResourceCompile Include="Coding.rc">
      <Filter>Resource Files</Filter>
    </ResourceCompile>
  </ItemGroup>
</Project>