<?xml version="1.0" encoding="utf-8"?>
<Project ToolsVersion="4.0" xmlns="http://schemas.microsoft.com/developer/msbuild/2003">
  <ItemGroup>
    <ClCompile Include="Poupin.cpp">
      <Filter>Source Files</Filter>
    </ClCompile>
    <ClCompile Include="_recordset.cpp">
      <Filter>Source Files</Filter>
    </ClCompile>
    <ClCompile Include="Adodc.cpp">
      <Filter>Source Files</Filter>
    </ClCompile>
    <ClCompile Include="Chart.cpp">
      <Filter>Source Files</Filter>
    </ClCompile>
    <ClCompile Include="ChartBar.cpp">
      <Filter>Source Files</Filter>
    </ClCompile>
    <ClCompile Include="column.cpp">
      <Filter>Source Files</Filter>
    </ClCompile>
    <ClCompile Include="Columns.cpp">
      <Filter>Source Files</Filter>
    </ClCompile>
    <ClCompile Include="ComboBoxEm.cpp">
      <Filter>Source Files</Filter>
    </ClCompile>
    <ClCompile Include="CooQueryEar.cpp">
      <Filter>Source Files</Filter>
    </ClCompile>
    <ClCompile Include="Crack.cpp">
      <Filter>Source Files</Filter>
    </ClCompile>
    <ClCompile Include="DatabaseDlg.cpp">
      <Filter>Source Files</Filter>
    </ClCompile>
    <ClCompile Include="DBGridCtrl.cpp">
      <Filter>Source Files</Filter>
    </ClCompile>
    <ClCompile Include="DegreeCtrl.cpp">
      <Filter>Source Files</Filter>
    </ClCompile>
    <ClCompile Include="ExecuteSQLProc.cpp">
      <Filter>Source Files</Filter>
    </ClCompile>
    <ClCompile Include="field.cpp">
      <Filter>Source Files</Filter>
    </ClCompile>
    <ClCompile Include="FieldDlg.cpp">
      <Filter>Source Files</Filter>
    </ClCompile>
    <ClCompile Include="Fields.cpp">
      <Filter>Source Files</Filter>
    </ClCompile>
    <ClCompile Include="font.cpp">
      <Filter>Source Files</Filter>
    </ClCompile>
    <ClCompile Include="Global.cpp">
      <Filter>Source Files</Filter>
    </ClCompile>
    <ClCompile Include="Information.cpp">
      <Filter>Source Files</Filter>
    </ClCompile>
    <ClCompile Include="KeyQueryEar.cpp">
      <Filter>Source Files</Filter>
    </ClCompile>
    <ClCompile Include="Label.cpp">
      <Filter>Source Files</Filter>
    </ClCompile>
    <ClCompile Include="layouts.cpp">
      <Filter>Source Files</Filter>
    </ClCompile>
    <ClCompile Include="msdgridctrl.cpp">
      <Filter>Source Files</Filter>
    </ClCompile>
    <ClCompile Include="msflexgrid.cpp">
      <Filter>Source Files</Filter>
    </ClCompile>
    <ClCompile Include="GeomQueryEar.cpp">
      <Filter>Source Files</Filter>
    </ClCompile>
    <ClCompile Include="OrderkeyDlg.cpp">
      <Filter>Source Files</Filter>
    </ClCompile>
    <ClCompile Include="picture.cpp">
      <Filter>Source Files</Filter>
    </ClCompile>
    <ClCompile Include="POU.cpp">
      <Filter>Source Files</Filter>
    </ClCompile>
    <ClCompile Include="POUDBGridCtrl.cpp">
      <Filter>Source Files</Filter>
    </ClCompile>
    <ClCompile Include="POUPane.cpp">
      <Filter>Source Files</Filter>
    </ClCompile>
    <ClCompile Include="POUTDBGridCtrl.cpp">
      <Filter>Source Files</Filter>
    </ClCompile>
    <ClCompile Include="printinfo.cpp">
      <Filter>Source Files</Filter>
    </ClCompile>
    <ClCompile Include="printinfos.cpp">
      <Filter>Source Files</Filter>
    </ClCompile>
    <ClCompile Include="QueryPane.cpp">
      <Filter>Source Files</Filter>
    </ClCompile>
    <ClCompile Include="rdc.cpp">
      <Filter>Source Files</Filter>
    </ClCompile>
    <ClCompile Include="selbookmarks.cpp">
      <Filter>Source Files</Filter>
    </ClCompile>
    <ClCompile Include="SexageCtrl.cpp">
      <Filter>Source Files</Filter>
    </ClCompile>
    <ClCompile Include="split.cpp">
      <Filter>Source Files</Filter>
    </ClCompile>
    <ClCompile Include="splits.cpp">
      <Filter>Source Files</Filter>
    </ClCompile>
    <ClCompile Include="SQLDlg.cpp">
      <Filter>Source Files</Filter>
    </ClCompile>
    <ClCompile Include="StatDlg.cpp">
      <Filter>Source Files</Filter>
    </ClCompile>
    <ClCompile Include="StdAfx.cpp">
      <Filter>Source Files</Filter>
    </ClCompile>
    <ClCompile Include="styledisp.cpp">
      <Filter>Source Files</Filter>
    </ClCompile>
    <ClCompile Include="styles.cpp">
      <Filter>Source Files</Filter>
    </ClCompile>
    <ClCompile Include="TablePane.cpp">
      <Filter>Source Files</Filter>
    </ClCompile>
    <ClCompile Include="TabQueryEar.cpp">
      <Filter>Source Files</Filter>
    </ClCompile>
    <ClCompile Include="TDBGridCtrl.cpp">
      <Filter>Source Files</Filter>
    </ClCompile>
    <ClCompile Include="truedbgridctrl.cpp">
      <Filter>Source Files</Filter>
    </ClCompile>
    <ClCompile Include="valueitemdisp.cpp">
      <Filter>Source Files</Filter>
    </ClCompile>
    <ClCompile Include="valueitems.cpp">
      <Filter>Source Files</Filter>
    </ClCompile>
    <ClCompile Include="WhereDlg.cpp">
      <Filter>Source Files</Filter>
    </ClCompile>
    <ClCompile Include="WherePickPage.cpp">
      <Filter>Source Files</Filter>
    </ClCompile>
    <ClCompile Include="WhereTextPage.cpp">
      <Filter>Source Files</Filter>
    </ClCompile>
    <ClCompile Include="OutputList.cpp">
      <Filter>Source Files</Filter>
    </ClCompile>
    <ClCompile Include="POUListCtrl.cpp">
      <Filter>Source Files</Filter>
    </ClCompile>
    <ClCompile Include="POUList.cpp">
      <Filter>Source Files</Filter>
    </ClCompile>
    <ClCompile Include="ATTDBGridCtrl.cpp">
      <Filter>Source Files</Filter>
    </ClCompile>
    <ClCompile Include="ATTTDBGridCtrl.cpp">
      <Filter>Source Files</Filter>
    </ClCompile>
    <ClCompile Include="ColumnPicker.cpp" />
    <ClCompile Include="FieldsPicker.cpp">
      <Filter>Source Files</Filter>
    </ClCompile>
  </ItemGroup>
  <ItemGroup>
    <ClInclude Include="Poupin.h">
      <Filter>Header Files</Filter>
    </ClInclude>
    <ClInclude Include="_recordset.h">
      <Filter>Header Files</Filter>
    </ClInclude>
    <ClInclude Include="Adodc.h">
      <Filter>Header Files</Filter>
    </ClInclude>
    <ClInclude Include="Chart.h">
      <Filter>Header Files</Filter>
    </ClInclude>
    <ClInclude Include="ChartBar.h">
      <Filter>Header Files</Filter>
    </ClInclude>
    <ClInclude Include="column.h">
      <Filter>Header Files</Filter>
    </ClInclude>
    <ClInclude Include="Columns.h">
      <Filter>Header Files</Filter>
    </ClInclude>
    <ClInclude Include="ComboBoxEm.h">
      <Filter>Header Files</Filter>
    </ClInclude>
    <ClInclude Include="CooQueryEar.h">
      <Filter>Header Files</Filter>
    </ClInclude>
    <ClInclude Include="Crack.h">
      <Filter>Header Files</Filter>
    </ClInclude>
    <ClInclude Include="DatabaseDlg.h">
      <Filter>Header Files</Filter>
    </ClInclude>
    <ClInclude Include="DBGridCtrl.h">
      <Filter>Header Files</Filter>
    </ClInclude>
    <ClInclude Include="DegreeCtrl.h">
      <Filter>Header Files</Filter>
    </ClInclude>
    <ClInclude Include="ExecuteSQLProc.h">
      <Filter>Header Files</Filter>
    </ClInclude>
    <ClInclude Include="field.h">
      <Filter>Header Files</Filter>
    </ClInclude>
    <ClInclude Include="FieldDlg.h">
      <Filter>Header Files</Filter>
    </ClInclude>
    <ClInclude Include="Fields.h">
      <Filter>Header Files</Filter>
    </ClInclude>
    <ClInclude Include="font.h">
      <Filter>Header Files</Filter>
    </ClInclude>
    <ClInclude Include="Global.h">
      <Filter>Header Files</Filter>
    </ClInclude>
    <ClInclude Include="Information.h">
      <Filter>Header Files</Filter>
    </ClInclude>
    <ClInclude Include="InPlaceEdit.h">
      <Filter>Header Files</Filter>
    </ClInclude>
    <ClInclude Include="InPlaceList.h">
      <Filter>Header Files</Filter>
    </ClInclude>
    <ClInclude Include="KeyQueryEar.h">
      <Filter>Header Files</Filter>
    </ClInclude>
    <ClInclude Include="Label.h">
      <Filter>Header Files</Filter>
    </ClInclude>
    <ClInclude Include="layouts.h">
      <Filter>Header Files</Filter>
    </ClInclude>
    <ClInclude Include="ListCtrlEx.h">
      <Filter>Header Files</Filter>
    </ClInclude>
    <ClInclude Include="msdgridctrl.h">
      <Filter>Header Files</Filter>
    </ClInclude>
    <ClInclude Include="msflexgrid.h">
      <Filter>Header Files</Filter>
    </ClInclude>
    <ClInclude Include="GeomQueryEar.h">
      <Filter>Header Files</Filter>
    </ClInclude>
    <ClInclude Include="OrderkeyDlg.h">
      <Filter>Header Files</Filter>
    </ClInclude>
    <ClInclude Include="picture.h">
      <Filter>Header Files</Filter>
    </ClInclude>
    <ClInclude Include="POU.h">
      <Filter>Header Files</Filter>
    </ClInclude>
    <ClInclude Include="POUDBGridCtrl.h">
      <Filter>Header Files</Filter>
    </ClInclude>
    <ClInclude Include="POUPane.h">
      <Filter>Header Files</Filter>
    </ClInclude>
    <ClInclude Include="POUTDBGridCtrl.h">
      <Filter>Header Files</Filter>
    </ClInclude>
    <ClInclude Include="printinfo.h">
      <Filter>Header Files</Filter>
    </ClInclude>
    <ClInclude Include="printinfos.h">
      <Filter>Header Files</Filter>
    </ClInclude>
    <ClInclude Include="QueryPane.h">
      <Filter>Header Files</Filter>
    </ClInclude>
    <ClInclude Include="rdc.h">
      <Filter>Header Files</Filter>
    </ClInclude>
    <ClInclude Include="Resource.h">
      <Filter>Header Files</Filter>
    </ClInclude>
    <ClInclude Include="selbookmarks.h">
      <Filter>Header Files</Filter>
    </ClInclude>
    <ClInclude Include="SexageCtrl.h">
      <Filter>Header Files</Filter>
    </ClInclude>
    <ClInclude Include="split.h">
      <Filter>Header Files</Filter>
    </ClInclude>
    <ClInclude Include="splits.h">
      <Filter>Header Files</Filter>
    </ClInclude>
    <ClInclude Include="SQLDlg.h">
      <Filter>Header Files</Filter>
    </ClInclude>
    <ClInclude Include="StatDlg.h">
      <Filter>Header Files</Filter>
    </ClInclude>
    <ClInclude Include="StdAfx.h">
      <Filter>Header Files</Filter>
    </ClInclude>
    <ClInclude Include="styledisp.h">
      <Filter>Header Files</Filter>
    </ClInclude>
    <ClInclude Include="styles.h">
      <Filter>Header Files</Filter>
    </ClInclude>
    <ClInclude Include="TablePane.h">
      <Filter>Header Files</Filter>
    </ClInclude>
    <ClInclude Include="TabQueryEar.h">
      <Filter>Header Files</Filter>
    </ClInclude>
    <ClInclude Include="targetver.h">
      <Filter>Header Files</Filter>
    </ClInclude>
    <ClInclude Include="TDBGridCtrl.h">
      <Filter>Header Files</Filter>
    </ClInclude>
    <ClInclude Include="truedbgridctrl.h">
      <Filter>Header Files</Filter>
    </ClInclude>
    <ClInclude Include="valueitemdisp.h">
      <Filter>Header Files</Filter>
    </ClInclude>
    <ClInclude Include="valueitems.h">
      <Filter>Header Files</Filter>
    </ClInclude>
    <ClInclude Include="WhereDlg.h">
      <Filter>Header Files</Filter>
    </ClInclude>
    <ClInclude Include="WherePickPage.h">
      <Filter>Header Files</Filter>
    </ClInclude>
    <ClInclude Include="WhereTextPage.h">
      <Filter>Header Files</Filter>
    </ClInclude>
    <ClInclude Include="OutputList.h">
      <Filter>Header Files</Filter>
    </ClInclude>
    <ClInclude Include="POUList.h">
      <Filter>Header Files</Filter>
    </ClInclude>
    <ClInclude Include="POUListCtrl.h">
      <Filter>Header Files</Filter>
    </ClInclude>
    <ClInclude Include="ATTDBGridCtrl.h">
      <Filter>Header Files</Filter>
    </ClInclude>
    <ClInclude Include="ATTTDBGridCtrl.h">
      <Filter>Header Files</Filter>
    </ClInclude>
    <ClInclude Include="ColumnPicker.h" />
    <ClInclude Include="FieldsPicker.h">
      <Filter>Header Files</Filter>
    </ClInclude>
  </ItemGroup>
  <ItemGroup>
    <None Include="ReadMe.txt" />
    <None Include="res\Atlas_ToolBar24.bmp">
      <Filter>Resource Files</Filter>
    </None>
    <None Include="res\toolbar1.bmp">
      <Filter>Resource Files</Filter>
    </None>
    <None Include="res\Attribute.htm">
      <Filter>Resource Files</Filter>
    </None>
    <None Include="res\bitmap1.bmp">
      <Filter>Resource Files</Filter>
    </None>
    <None Include="res\bitmap2.bmp">
      <Filter>Resource Files</Filter>
    </None>
    <None Include="res\bmp00001.bmp">
      <Filter>Resource Files</Filter>
    </None>
    <None Include="res\bmp00002.bmp">
      <Filter>Resource Files</Filter>
    </None>
    <None Include="res\cross.cur">
      <Filter>Resource Files</Filter>
    </None>
    <None Include="res\cur00001.cur">
      <Filter>Resource Files</Filter>
    </None>
    <None Include="res\cursor1.cur">
      <Filter>Resource Files</Filter>
    </None>
    <None Include="res\DataGrid.bmp">
      <Filter>Resource Files</Filter>
    </None>
    <None Include="res\Hot.cur">
      <Filter>Resource Files</Filter>
    </None>
    <None Include="res\html1.htm">
      <Filter>Resource Files</Filter>
    </None>
    <None Include="res\icon1.ico">
      <Filter>Resource Files</Filter>
    </None>
    <None Include="res\informat.cur">
      <Filter>Resource Files</Filter>
    </None>
    <None Include="Information.def">
      <Filter>Resource Files</Filter>
    </None>
    <None Include="res\Information.rc2">
      <Filter>Resource Files</Filter>
    </None>
    <None Include="Information.rgs">
      <Filter>Resource Files</Filter>
    </None>
    <None Include="res\ItemImage.bmp">
      <Filter>Resource Files</Filter>
    </None>
    <None Include="res\ItemState.bmp">
      <Filter>Resource Files</Filter>
    </None>
    <None Include="res\measure.cur">
      <Filter>Resource Files</Filter>
    </None>
    <None Include="res\MenuArrow.bmp">
      <Filter>Resource Files</Filter>
    </None>
    <None Include="res\Output.bmp">
      <Filter>Resource Files</Filter>
    </None>
    <None Include="res\pane_dat.bmp">
      <Filter>Resource Files</Filter>
    </None>
    <None Include="res\pane_out.bmp">
      <Filter>Resource Files</Filter>
    </None>
    <None Include="res\pincurso.cur">
      <Filter>Resource Files</Filter>
    </None>
    <None Include="res\Positioner.cur">
      <Filter>Resource Files</Filter>
    </None>
    <None Include="res\POU.ico">
      <Filter>Resource Files</Filter>
    </None>
    <None Include="res\POU_Pane.bmp">
      <Filter>Resource Files</Filter>
    </None>
    <None Include="res\POUToolBar.bmp">
      <Filter>Resource Files</Filter>
    </None>
    <None Include="res\Query.ico">
      <Filter>Resource Files</Filter>
    </None>
    <None Include="res\QueryImage.bmp">
      <Filter>Resource Files</Filter>
    </None>
    <None Include="res\QueryState.bmp">
      <Filter>Resource Files</Filter>
    </None>
    <None Include="res\Round.cur">
      <Filter>Resource Files</Filter>
    </None>
    <None Include="res\select.cur">
      <Filter>Resource Files</Filter>
    </None>
    <None Include="res\sort.bmp">
      <Filter>Resource Files</Filter>
    </None>
    <None Include="res\sort24.bmp">
      <Filter>Resource Files</Filter>
    </None>
    <None Include="res\Symbol.bmp">
      <Filter>Resource Files</Filter>
    </None>
    <None Include="res\Table.ico">
      <Filter>Resource Files</Filter>
    </None>
    <None Include="res\TablePane_Toolbar-HC.bmp">
      <Filter>Resource Files</Filter>
    </None>
    <None Include="res\TablePane_Toolbar-NM.bmp">
      <Filter>Resource Files</Filter>
    </None>
    <None Include="res\TablePane_Toolbar.bmp">
      <Filter>Resource Files</Filter>
    </None>
    <None Include="res\TablePane_Toolbar24.bmp">
      <Filter>Resource Files</Filter>
    </None>
    <None Include="res\Tb_DbGrid.bmp">
      <Filter>Resource Files</Filter>
    </None>
    <None Include="res\Tool.bmp">
      <Filter>Resource Files</Filter>
    </None>
    <None Include="res\toolbar.bmp">
      <Filter>Resource Files</Filter>
    </None>
    <None Include="res\DbGrid.bmp">
      <Filter>Resource Files</Filter>
    </None>
    <None Include="res\DBGrid24..bmp">
      <Filter>Resource Files</Filter>
    </None>
    <None Include="res\DBGrid24.bmp">
      <Filter>Resource Files</Filter>
    </None>
    <None Include="res\QuickSearch.bmp">
      <Filter>Resource Files</Filter>
    </None>
  </ItemGroup>
  <ItemGroup>
    <Filter Include="Source Files">
      <UniqueIdentifier>{bd92e8db-cbfb-4eea-912f-edfe88d153d8}</UniqueIdentifier>
    </Filter>
    <Filter Include="Header Files">
      <UniqueIdentifier>{e8ce8697-c6e5-466a-8980-71d10e785777}</UniqueIdentifier>
    </Filter>
    <Filter Include="Resource Files">
      <UniqueIdentifier>{6514ee23-d87a-4c98-9bc3-7d3aed8c53e1}</UniqueIdentifier>
    </Filter>
  </ItemGroup>
  <ItemGroup>
    <ResourceCompile Include="Information.rc">
      <Filter>Resource Files</Filter>
    </ResourceCompile>
  </ItemGroup>
</Project>