<?xml version="1.0" encoding="utf-8"?>
<Project ToolsVersion="4.0" xmlns="http://schemas.microsoft.com/developer/msbuild/2003">
  <ItemGroup>
    <ClCompile Include="..\..\Thirdparty\tinyxml\tinyxml2\tinyxml2.cpp" />
    <ClCompile Include="DataHandler.cpp">
      <Filter>Source Files</Filter>
    </ClCompile>
    <ClCompile Include="ExportAI.cpp">
      <Filter>Source Files</Filter>
    </ClCompile>
    <ClCompile Include="ExportEps.cpp">
      <Filter>Source Files</Filter>
    </ClCompile>
    <ClCompile Include="ExportPdf.cpp">
      <Filter>Source Files</Filter>
    </ClCompile>
    <ClCompile Include="ExportTxt.cpp">
      <Filter>Source Files</Filter>
    </ClCompile>
    <ClCompile Include="Global.cpp">
      <Filter>Source Files</Filter>
    </ClCompile>
    <ClCompile Include="Import.cpp">
      <Filter>Source Files</Filter>
    </ClCompile>
    <ClCompile Include="ImportAI.cpp">
      <Filter>Source Files</Filter>
    </ClCompile>
    <ClCompile Include="ImportDxf.cpp">
      <Filter>Source Files</Filter>
    </ClCompile>
    <ClCompile Include="ImportGdal.cpp">
      <Filter>Source Files</Filter>
    </ClCompile>
    <ClCompile Include="ImportGrf.cpp">
      <Filter>Source Files</Filter>
    </ClCompile>
    <ClCompile Include="ImportJson.cpp">
      <Filter>Source Files</Filter>
    </ClCompile>
    <ClCompile Include="ImportSVG.cpp">
      <Filter>Source Files</Filter>
    </ClCompile>
    <ClCompile Include="NameFieldDlg.cpp">
      <Filter>Source Files</Filter>
    </ClCompile>
    <ClCompile Include="Port.cpp">
      <Filter>Source Files</Filter>
    </ClCompile>
    <ClCompile Include="PSTokenFile.cpp">
      <Filter>Source Files</Filter>
    </ClCompile>
    <ClCompile Include="PostscriptHandler.cpp">
      <Filter>Source Files</Filter>
    </ClCompile>
    <ClCompile Include="StdAfx.cpp">
      <Filter>Source Files</Filter>
    </ClCompile>
    <ClCompile Include="SVGHandler.cpp">
      <Filter>Source Files</Filter>
    </ClCompile>
    <ClCompile Include="TokenFile.cpp">
      <Filter>Source Files</Filter>
    </ClCompile>
    <ClCompile Include="ImportPostscript.cpp">
      <Filter>Source Files</Filter>
    </ClCompile>
    <ClCompile Include="Stdstack.cpp">
      <Filter>Source Files</Filter>
    </ClCompile>
    <ClCompile Include="FieldsPickerDlg.cpp">
      <Filter>Source Files</Filter>
    </ClCompile>
  </ItemGroup>
  <ItemGroup>
    <ClInclude Include="..\..\Thirdparty\tinyxml\tinyxml2\tinyxml2.h" />
    <ClInclude Include="ExportEps.h">
      <Filter>Header Files</Filter>
    </ClInclude>
    <ClInclude Include="ExportMapInfo.h">
      <Filter>Header Files</Filter>
    </ClInclude>
    <ClInclude Include="ExportTxt.h">
      <Filter>Header Files</Filter>
    </ClInclude>
    <ClInclude Include="Geomstack.h">
      <Filter>Header Files</Filter>
    </ClInclude>
    <ClInclude Include="Import.h">
      <Filter>Header Files</Filter>
    </ClInclude>
    <ClInclude Include="ImportAI.h">
      <Filter>Header Files</Filter>
    </ClInclude>
    <ClInclude Include="ImportDxf.h">
      <Filter>Header Files</Filter>
    </ClInclude>
    <ClInclude Include="ImportGdal.h">
      <Filter>Header Files</Filter>
    </ClInclude>
    <ClInclude Include="ImportGrf.h">
      <Filter>Header Files</Filter>
    </ClInclude>
    <ClInclude Include="ImportJson.h">
      <Filter>Header Files</Filter>
    </ClInclude>
    <ClInclude Include="ImportSVG.h">
      <Filter>Header Files</Filter>
    </ClInclude>
    <ClInclude Include="NameFieldDlg.h">
      <Filter>Header Files</Filter>
    </ClInclude>
    <ClInclude Include="Port.h">
      <Filter>Header Files</Filter>
    </ClInclude>
    <ClInclude Include="PSTokenFile.h">
      <Filter>Header Files</Filter>
    </ClInclude>
    <ClInclude Include="Resource.h">
      <Filter>Header Files</Filter>
    </ClInclude>
    <ClInclude Include="StdAfx.h">
      <Filter>Header Files</Filter>
    </ClInclude>
    <ClInclude Include="SVGHandler.h">
      <Filter>Header Files</Filter>
    </ClInclude>
    <ClInclude Include="TokenFile.h">
      <Filter>Header Files</Filter>
    </ClInclude>
    <ClInclude Include="TokenString.h">
      <Filter>Header Files</Filter>
    </ClInclude>
    <ClInclude Include="PostscriptHandler.h">
      <Filter>Header Files</Filter>
    </ClInclude>
    <ClInclude Include="DataHandler.h">
      <Filter>Header Files</Filter>
    </ClInclude>
    <ClInclude Include="ExportAI.h">
      <Filter>Header Files</Filter>
    </ClInclude>
    <ClInclude Include="ExportDxf.h">
      <Filter>Header Files</Filter>
    </ClInclude>
    <ClInclude Include="ImportPostscript.h">
      <Filter>Header Files</Filter>
    </ClInclude>
    <ClInclude Include="Stdstack.h">
      <Filter>Header Files</Filter>
    </ClInclude>
    <ClInclude Include="FieldPickerDlg.h">
      <Filter>Header Files</Filter>
    </ClInclude>
  </ItemGroup>
  <ItemGroup>
    <None Include="ReadMe.txt" />
    <None Include="Port.def">
    </None>
    <None Include="res\Port.rc2">
      <Filter>Resource Files</Filter>
    </None>
  </ItemGroup>
  <ItemGroup>
    <Filter Include="Source Files">
      <UniqueIdentifier>{74f683b2-c982-4f71-921f-6a835e72b60e}</UniqueIdentifier>
    </Filter>
    <Filter Include="Header Files">
      <UniqueIdentifier>{754d650a-de91-4fc3-925c-d9d8886b17cc}</UniqueIdentifier>
    </Filter>
    <Filter Include="Resource Files">
      <UniqueIdentifier>{ff348c8d-6252-4934-ad9f-358ee0c7fba6}</UniqueIdentifier>
    </Filter>
  </ItemGroup>
  <ItemGroup>
    <ResourceCompile Include="Port.rc">
      <Filter>Resource Files</Filter>
    </ResourceCompile>
  </ItemGroup>
</Project>