<?xml version="1.0" encoding="utf-8"?>
<Project ToolsVersion="4.0" xmlns="http://schemas.microsoft.com/developer/msbuild/2003">
  <ItemGroup>
    <ClCompile Include="Edge.cpp">
      <Filter>Source Files</Filter>
    </ClCompile>
    <ClCompile Include="EdgeForm.cpp">
      <Filter>Source Files</Filter>
    </ClCompile>
    <ClCompile Include="EditFlexGrid.cpp">
      <Filter>Source Files</Filter>
    </ClCompile>
    <ClCompile Include="Global.cpp">
      <Filter>Source Files</Filter>
    </ClCompile>
    <ClCompile Include="Matrix.cpp">
      <Filter>Source Files</Filter>
    </ClCompile>
    <ClCompile Include="MatrixCtrl.cpp">
      <Filter>Source Files</Filter>
    </ClCompile>
    <ClCompile Include="msflexgrid.cpp">
      <Filter>Source Files</Filter>
    </ClCompile>
    <ClCompile Include="Node.cpp">
      <Filter>Source Files</Filter>
    </ClCompile>
    <ClCompile Include="NodeForm.cpp">
      <Filter>Source Files</Filter>
    </ClCompile>
    <ClCompile Include="RoadEdge.cpp">
      <Filter>Source Files</Filter>
    </ClCompile>
    <ClCompile Include="RoadEdgeForm.cpp">
      <Filter>Source Files</Filter>
    </ClCompile>
    <ClCompile Include="RoadNode.cpp">
      <Filter>Source Files</Filter>
    </ClCompile>
    <ClCompile Include="RoadNodeForm.cpp">
      <Filter>Source Files</Filter>
    </ClCompile>
    <ClCompile Include="RoadTopodb.cpp">
      <Filter>Source Files</Filter>
    </ClCompile>
    <ClCompile Include="RoadTopoer.cpp">
      <Filter>Source Files</Filter>
    </ClCompile>
    <ClCompile Include="StyleDlg.cpp">
      <Filter>Source Files</Filter>
    </ClCompile>
    <ClCompile Include="Topo.cpp">
      <Filter>Source Files</Filter>
    </ClCompile>
    <ClCompile Include="TopoCtrl.cpp">
      <Filter>Source Files</Filter>
    </ClCompile>
    <ClCompile Include="Topodb.cpp">
      <Filter>Source Files</Filter>
    </ClCompile>
    <ClCompile Include="TopodbCtrl.cpp">
      <Filter>Source Files</Filter>
    </ClCompile>
    <ClCompile Include="Topoer.cpp">
      <Filter>Source Files</Filter>
    </ClCompile>
    <ClCompile Include="TopoerCtrl.cpp">
      <Filter>Source Files</Filter>
    </ClCompile>
    <ClCompile Include="Topology.cpp">
      <Filter>Source Files</Filter>
    </ClCompile>
    <ClCompile Include="TopoPane.cpp">
      <Filter>Source Files</Filter>
    </ClCompile>
    <ClCompile Include="TopoTableDlg.cpp">
      <Filter>Source Files</Filter>
    </ClCompile>
    <ClCompile Include="RegionTopoer.cpp">
      <Filter>Source Files</Filter>
    </ClCompile>
    <ClCompile Include="Polygon.cpp">
      <Filter>Source Files</Filter>
    </ClCompile>
    <ClCompile Include="Layon.cpp">
      <Filter>Source Files</Filter>
    </ClCompile>
    <ClCompile Include="Polying.cpp">
      <Filter>Source Files</Filter>
    </ClCompile>
    <ClCompile Include="stdafx.cpp">
      <Filter>Source Files</Filter>
    </ClCompile>
  </ItemGroup>
  <ItemGroup>
    <ClInclude Include="Edge.h">
      <Filter>Header Files</Filter>
    </ClInclude>
    <ClInclude Include="EdgeForm.h">
      <Filter>Header Files</Filter>
    </ClInclude>
    <ClInclude Include="EditFlexGrid.h">
      <Filter>Header Files</Filter>
    </ClInclude>
    <ClInclude Include="Global.h">
      <Filter>Header Files</Filter>
    </ClInclude>
    <ClInclude Include="Matrix.h">
      <Filter>Header Files</Filter>
    </ClInclude>
    <ClInclude Include="MatrixCtrl.h">
      <Filter>Header Files</Filter>
    </ClInclude>
    <ClInclude Include="msflexgrid.h">
      <Filter>Header Files</Filter>
    </ClInclude>
    <ClInclude Include="Node.h">
      <Filter>Header Files</Filter>
    </ClInclude>
    <ClInclude Include="NodeForm.h">
      <Filter>Header Files</Filter>
    </ClInclude>
    <ClInclude Include="Resource.h">
      <Filter>Header Files</Filter>
    </ClInclude>
    <ClInclude Include="RoadEdge.h">
      <Filter>Header Files</Filter>
    </ClInclude>
    <ClInclude Include="RoadEdgeForm.h">
      <Filter>Header Files</Filter>
    </ClInclude>
    <ClInclude Include="RoadNode.h">
      <Filter>Header Files</Filter>
    </ClInclude>
    <ClInclude Include="RoadNodeForm.h">
      <Filter>Header Files</Filter>
    </ClInclude>
    <ClInclude Include="RoadTopodb.h">
      <Filter>Header Files</Filter>
    </ClInclude>
    <ClInclude Include="RoadTopoer.h">
      <Filter>Header Files</Filter>
    </ClInclude>
    <ClInclude Include="StdAfx.h">
      <Filter>Header Files</Filter>
    </ClInclude>
    <ClInclude Include="StyleDlg.h">
      <Filter>Header Files</Filter>
    </ClInclude>
    <ClInclude Include="Topo.h">
      <Filter>Header Files</Filter>
    </ClInclude>
    <ClInclude Include="TopoCtrl.h">
      <Filter>Header Files</Filter>
    </ClInclude>
    <ClInclude Include="Topodb.h">
      <Filter>Header Files</Filter>
    </ClInclude>
    <ClInclude Include="TopodbCtrl.h">
      <Filter>Header Files</Filter>
    </ClInclude>
    <ClInclude Include="Topoer.h">
      <Filter>Header Files</Filter>
    </ClInclude>
    <ClInclude Include="TopoerCtrl.h">
      <Filter>Header Files</Filter>
    </ClInclude>
    <ClInclude Include="Topology.h">
      <Filter>Header Files</Filter>
    </ClInclude>
    <ClInclude Include="TopoPane.h">
      <Filter>Header Files</Filter>
    </ClInclude>
    <ClInclude Include="TopoTableDlg.h">
      <Filter>Header Files</Filter>
    </ClInclude>
    <ClInclude Include="RegionTopoer.h">
      <Filter>Header Files</Filter>
    </ClInclude>
    <ClInclude Include="Polygon.h">
      <Filter>Header Files</Filter>
    </ClInclude>
    <ClInclude Include="Layon.h">
      <Filter>Header Files</Filter>
    </ClInclude>
    <ClInclude Include="Polying.h">
      <Filter>Header Files</Filter>
    </ClInclude>
  </ItemGroup>
  <ItemGroup>
    <None Include="ReadMe.txt" />
    <None Include="res\Forbid.bmp">
      <Filter>Resource Files</Filter>
    </None>
    <None Include="res\TopoState.bmp">
      <Filter>Resource Files</Filter>
    </None>
    <None Include="res\icon1.ico">
      <Filter>Resource Files</Filter>
    </None>
    <None Include="res\MenuArrow.bmp">
      <Filter>Resource Files</Filter>
    </None>
    <None Include="res\pane_new.bmp">
      <Filter>Resource Files</Filter>
    </None>
    <None Include="res\Permit.bmp">
      <Filter>Resource Files</Filter>
    </None>
    <None Include="res\properties.bmp">
      <Filter>Resource Files</Filter>
    </None>
    <None Include="res\Properties24.bmp">
      <Filter>Resource Files</Filter>
    </None>
    <None Include="res\properties_wnd24.ico">
      <Filter>Resource Files</Filter>
    </None>
    <None Include="res\property.ico">
      <Filter>Resource Files</Filter>
    </None>
    <None Include="res\Refuse.bmp">
      <Filter>Resource Files</Filter>
    </None>
    <None Include="res\route.bmp">
      <Filter>Resource Files</Filter>
    </None>
    <None Include="res\route1.bmp">
      <Filter>Resource Files</Filter>
    </None>
    <None Include="res\toolbar1.bmp">
      <Filter>Resource Files</Filter>
    </None>
    <None Include="res\toolbar2.bmp">
      <Filter>Resource Files</Filter>
    </None>
    <None Include="res\Topo.bmp">
      <Filter>Resource Files</Filter>
    </None>
    <None Include="res\Topo.ico">
      <Filter>Resource Files</Filter>
    </None>
    <None Include="res\Topo_Pane.bmp">
      <Filter>Resource Files</Filter>
    </None>
    <None Include="res\TopoImage.bmp">
      <Filter>Resource Files</Filter>
    </None>
    <None Include="Topology.def">
      <Filter>Resource Files</Filter>
    </None>
    <None Include="res\Topology.rc2">
      <Filter>Resource Files</Filter>
    </None>
    <None Include="res\TopoPane.ico">
      <Filter>Resource Files</Filter>
    </None>
  </ItemGroup>
  <ItemGroup>
    <Filter Include="Source Files">
      <UniqueIdentifier>{425e7684-393a-4847-8117-52f77c85f31e}</UniqueIdentifier>
    </Filter>
    <Filter Include="Header Files">
      <UniqueIdentifier>{4e6a3d41-e884-4488-84e7-e5ed996310b6}</UniqueIdentifier>
    </Filter>
    <Filter Include="Resource Files">
      <UniqueIdentifier>{68772a8a-9984-4195-ae15-876b5ef0da58}</UniqueIdentifier>
    </Filter>
  </ItemGroup>
  <ItemGroup>
    <ResourceCompile Include="Topology.rc">
      <Filter>Resource Files</Filter>
    </ResourceCompile>
  </ItemGroup>
</Project>