<?xml version="1.0" encoding="utf-8"?>
<Project ToolsVersion="4.0" xmlns="http://schemas.microsoft.com/developer/msbuild/2003">
  <ItemGroup>
    <ClCompile Include="ClientSocket.cpp">
      <Filter>Source Files</Filter>
    </ClCompile>
    <ClCompile Include="Connect.cpp">
      <Filter>Source Files</Filter>
    </ClCompile>
    <ClCompile Include="debug_functions.cpp">
      <Filter>Source Files</Filter>
    </ClCompile>
    <ClCompile Include="GPSClientSocket.cpp">
      <Filter>Source Files</Filter>
    </ClCompile>
    <ClCompile Include="GpsSinkSocket.cpp">
      <Filter>Source Files</Filter>
    </ClCompile>
    <ClCompile Include="ListenSocket.cpp">
      <Filter>Source Files</Filter>
    </ClCompile>
    <ClCompile Include="MapClientSocket.cpp">
      <Filter>Source Files</Filter>
    </ClCompile>
    <ClCompile Include="MapSinkSocket.cpp">
      <Filter>Source Files</Filter>
    </ClCompile>
    <ClCompile Include="Markup.cpp">
      <Filter>Source Files</Filter>
    </ClCompile>
    <ClCompile Include="Messageq.cpp">
      <Filter>Source Files</Filter>
    </ClCompile>
    <ClCompile Include="Socket.cpp">
      <Filter>Source Files</Filter>
    </ClCompile>
    <ClCompile Include="SQL_Excute.cpp">
      <Filter>Source Files</Filter>
    </ClCompile>
    <ClCompile Include="StdAfx.cpp">
      <Filter>Source Files</Filter>
    </ClCompile>
    <ClCompile Include="XmlSinkSocket.cpp">
      <Filter>Source Files</Filter>
    </ClCompile>
  </ItemGroup>
  <ItemGroup>
    <ClInclude Include="ClientSocket.h">
      <Filter>Header Files</Filter>
    </ClInclude>
    <ClInclude Include="Connect.h">
      <Filter>Header Files</Filter>
    </ClInclude>
    <ClInclude Include="ExStdCFunction.h">
      <Filter>Header Files</Filter>
    </ClInclude>
    <ClInclude Include="GPSClientSocket.h">
      <Filter>Header Files</Filter>
    </ClInclude>
    <ClInclude Include="GpsSinkSocket.h">
      <Filter>Header Files</Filter>
    </ClInclude>
    <ClInclude Include="ListenSocket.h">
      <Filter>Header Files</Filter>
    </ClInclude>
    <ClInclude Include="MapClientSocket.h">
      <Filter>Header Files</Filter>
    </ClInclude>
    <ClInclude Include="MapSinkSocket.h">
      <Filter>Header Files</Filter>
    </ClInclude>
    <ClInclude Include="Markup.h">
      <Filter>Header Files</Filter>
    </ClInclude>
    <ClInclude Include="Messageq.h">
      <Filter>Header Files</Filter>
    </ClInclude>
    <ClInclude Include="Resource.h">
      <Filter>Header Files</Filter>
    </ClInclude>
    <ClInclude Include="SQL_Excute.h">
      <Filter>Header Files</Filter>
    </ClInclude>
    <ClInclude Include="StdAfx.h">
      <Filter>Header Files</Filter>
    </ClInclude>
    <ClInclude Include="XmlSinkSocket.h">
      <Filter>Header Files</Filter>
    </ClInclude>
  </ItemGroup>
  <ItemGroup>
    <None Include="ReadMe.txt" />
    <None Include="icon1.ico">
      <Filter>Resource Files</Filter>
    </None>
    <None Include="vehicle.bmp">
      <Filter>Resource Files</Filter>
    </None>
    <None Include="MARK0036.ICO">
      <Filter>Resource Files</Filter>
    </None>
    <None Include="MARK0038.ICO">
      <Filter>Resource Files</Filter>
    </None>
    <None Include="reg_app_.ico">
      <Filter>Resource Files</Filter>
    </None>
    <None Include="RegisterApp.ico">
      <Filter>Resource Files</Filter>
    </None>
    <None Include="Socket.def">
      <Filter>Resource Files</Filter>
    </None>
    <None Include="res\Socket.rc2">
      <Filter>Resource Files</Filter>
    </None>
    <None Include="res\MARK0036.ICO">
      <Filter>Resource Files</Filter>
    </None>
    <None Include="res\MARK0038.ICO">
      <Filter>Resource Files</Filter>
    </None>
    <None Include="res\reg_app_.ico">
      <Filter>Resource Files</Filter>
    </None>
    <None Include="res\RegisterApp.ico">
      <Filter>Resource Files</Filter>
    </None>
    <None Include="res\vehicle.bmp">
      <Filter>Resource Files</Filter>
    </None>
  </ItemGroup>
  <ItemGroup>
    <Filter Include="Source Files">
      <UniqueIdentifier>{7d122f23-ef31-4788-9768-e7f7b4af02ab}</UniqueIdentifier>
    </Filter>
    <Filter Include="Header Files">
      <UniqueIdentifier>{0daad885-43e4-420d-9a84-75e708d77420}</UniqueIdentifier>
    </Filter>
    <Filter Include="Resource Files">
      <UniqueIdentifier>{b7b9b116-494d-4b6c-a1d5-8fa85fda8220}</UniqueIdentifier>
    </Filter>
  </ItemGroup>
  <ItemGroup>
    <ResourceCompile Include="Socket.rc">
      <Filter>Resource Files</Filter>
    </ResourceCompile>
  </ItemGroup>
</Project>