<?xml version="1.0" encoding="utf-8"?>
<Project ToolsVersion="4.0" xmlns="http://schemas.microsoft.com/developer/msbuild/2003">
  <ItemGroup>
    <ClCompile Include="Bar.cpp">
      <Filter>Source Files</Filter>
    </ClCompile>
    <ClCompile Include="BarDlg.cpp">
      <Filter>Source Files</Filter>
    </ClCompile>
    <ClCompile Include="Chart.cpp">
      <Filter>Source Files</Filter>
    </ClCompile>
    <ClCompile Include="ChartDlg.cpp">
      <Filter>Source Files</Filter>
    </ClCompile>
    <ClCompile Include="Choropleth.cpp">
      <Filter>Source Files</Filter>
    </ClCompile>
    <ClCompile Include="ClassificationDlg.cpp">
      <Filter>Source Files</Filter>
    </ClCompile>
    <ClCompile Include="Cylinder.cpp">
      <Filter>Source Files</Filter>
    </ClCompile>
    <ClCompile Include="CylinderDlg.cpp">
      <Filter>Source Files</Filter>
    </ClCompile>
    <ClCompile Include="EditableListCtrl.cpp">
      <Filter>Source Files</Filter>
    </ClCompile>
    <ClCompile Include="PieDlg.cpp">
      <Filter>Source Files</Filter>
    </ClCompile>
    <ClCompile Include="ChoroplethDlg.cpp">
      <Filter>Source Files</Filter>
    </ClCompile>
    <ClCompile Include="GraduatedDlg.cpp">
      <Filter>Source Files</Filter>
    </ClCompile>
    <ClCompile Include="Dotdensity.cpp">
      <Filter>Source Files</Filter>
    </ClCompile>
    <ClCompile Include="Graduated.cpp">
      <Filter>Source Files</Filter>
    </ClCompile>
    <ClCompile Include="MsgHook.cpp">
      <Filter>Source Files</Filter>
    </ClCompile>
    <ClCompile Include="Pie.cpp">
      <Filter>Source Files</Filter>
    </ClCompile>
    <ClCompile Include="Thematics.cpp">
      <Filter>Source Files</Filter>
    </ClCompile>
    <ClCompile Include="ThemeDlg.cpp">
      <Filter>Source Files</Filter>
    </ClCompile>
    <ClCompile Include="Theme.cpp">
      <Filter>Source Files</Filter>
    </ClCompile>
    <ClCompile Include="FillStatistic.cpp">
      <Filter>Source Files</Filter>
    </ClCompile>
    <ClCompile Include="FillConditional.cpp">
      <Filter>Source Files</Filter>
    </ClCompile>
    <ClCompile Include="..\..\Thirdparty\tinyxml\tinyxml2\tinyxml2.cpp" />
    <ClCompile Include="stdafx.cpp" />
  </ItemGroup>
  <ItemGroup>
    <ClInclude Include="Bar.h">
      <Filter>Header Files</Filter>
    </ClInclude>
    <ClInclude Include="BarDlg.h">
      <Filter>Header Files</Filter>
    </ClInclude>
    <ClInclude Include="Chart.h">
      <Filter>Header Files</Filter>
    </ClInclude>
    <ClInclude Include="ChartDlg.h">
      <Filter>Header Files</Filter>
    </ClInclude>
    <ClInclude Include="Choropleth.h">
      <Filter>Header Files</Filter>
    </ClInclude>
    <ClInclude Include="ClassificationDlg.h">
      <Filter>Header Files</Filter>
    </ClInclude>
    <ClInclude Include="Cylinder.h">
      <Filter>Header Files</Filter>
    </ClInclude>
    <ClInclude Include="CylinderDlg.h">
      <Filter>Header Files</Filter>
    </ClInclude>
    <ClInclude Include="EditableListCtrl.h">
      <Filter>Header Files</Filter>
    </ClInclude>
    <ClInclude Include="PieDlg.h">
      <Filter>Header Files</Filter>
    </ClInclude>
    <ClInclude Include="ChoroplethDlg.h">
      <Filter>Header Files</Filter>
    </ClInclude>
    <ClInclude Include="GraduatedDlg.h">
      <Filter>Header Files</Filter>
    </ClInclude>
    <ClInclude Include="Dotdensity.h">
      <Filter>Header Files</Filter>
    </ClInclude>
    <ClInclude Include="Graduated.h">
      <Filter>Header Files</Filter>
    </ClInclude>
    <ClInclude Include="Pie.h">
      <Filter>Header Files</Filter>
    </ClInclude>
    <ClInclude Include="MsgHook.h">
      <Filter>Header Files</Filter>
    </ClInclude>
    <ClInclude Include="Resource.h">
      <Filter>Header Files</Filter>
    </ClInclude>
    <ClInclude Include="stdafx.h">
      <Filter>Header Files</Filter>
    </ClInclude>
    <ClInclude Include="targetver.h">
      <Filter>Header Files</Filter>
    </ClInclude>
    <ClInclude Include="Thematics.h">
      <Filter>Header Files</Filter>
    </ClInclude>
    <ClInclude Include="Theme.h">
      <Filter>Header Files</Filter>
    </ClInclude>
    <ClInclude Include="ThemeDlg.h">
      <Filter>Header Files</Filter>
    </ClInclude>
    <ClInclude Include="FillConditional.h">
      <Filter>Header Files</Filter>
    </ClInclude>
    <ClInclude Include="FillStatistic.h">
      <Filter>Header Files</Filter>
    </ClInclude>
    <ClInclude Include="..\..\Thirdparty\tinyxml\tinyxml2\tinyxml2.h" />
  </ItemGroup>
  <ItemGroup>
    <None Include="ReadMe.txt" />
    <None Include="res\ItemImage.bmp">
      <Filter>Resource Files</Filter>
    </None>
    <None Include="res\ThemeType.bmp">
      <Filter>Resource Files</Filter>
    </None>
    <None Include="res\Menuitems.bmp">
      <Filter>Resource Files</Filter>
    </None>
    <None Include="res\Menuitems24.bmp">
      <Filter>Resource Files</Filter>
    </None>
    <None Include="Thematics.def">
      <Filter>Resource Files</Filter>
    </None>
    <None Include="res\Thematics.rc2">
      <Filter>Resource Files</Filter>
    </None>
    <None Include="res\Theme.bmp">
      <Filter>Resource Files</Filter>
    </None>
    <None Include="res\Theme.ico">
      <Filter>Resource Files</Filter>
    </None>
    <None Include="res\Theme_Pane.bmp">
      <Filter>Resource Files</Filter>
    </None>
  </ItemGroup>
  <ItemGroup>
    <Filter Include="Source Files">
      <UniqueIdentifier>{2ff84f77-19d3-4fd3-b471-4e4464c79175}</UniqueIdentifier>
    </Filter>
    <Filter Include="Header Files">
      <UniqueIdentifier>{149e9b49-4770-4296-8517-a2116cb517b2}</UniqueIdentifier>
    </Filter>
    <Filter Include="Resource Files">
      <UniqueIdentifier>{c87ebe68-2788-4b40-9241-c84a522fb6b0}</UniqueIdentifier>
    </Filter>
  </ItemGroup>
  <ItemGroup>
    <ResourceCompile Include="Thematics.rc">
      <Filter>Resource Files</Filter>
    </ResourceCompile>
  </ItemGroup>
</Project>