<?xml version="1.0" encoding="utf-8"?>
<Project ToolsVersion="4.0" xmlns="http://schemas.microsoft.com/developer/msbuild/2003">
  <ItemGroup>
    <ClCompile Include="CallDlg.cpp">
      <Filter>Source Files</Filter>
    </ClCompile>
    <ClCompile Include="CmdParamDlg.cpp">
      <Filter>Source Files</Filter>
    </ClCompile>
    <ClCompile Include="DatabasePage.cpp">
      <Filter>Source Files</Filter>
    </ClCompile>
    <ClCompile Include="Dialit.cpp">
      <Filter>Source Files</Filter>
    </ClCompile>
    <ClCompile Include="DispatchDlg.cpp">
      <Filter>Source Files</Filter>
    </ClCompile>
    <ClCompile Include="FileMap.cpp">
      <Filter>Source Files</Filter>
    </ClCompile>
    <ClCompile Include="FilePoly.cpp">
      <Filter>Source Files</Filter>
    </ClCompile>
    <ClCompile Include="Global.cpp">
      <Filter>Source Files</Filter>
    </ClCompile>
    <ClCompile Include="IconPage.cpp">
      <Filter>Source Files</Filter>
    </ClCompile>
    <ClCompile Include="LED.cpp">
      <Filter>Source Files</Filter>
    </ClCompile>
    <ClCompile Include="LoginDlg.cpp">
      <Filter>Source Files</Filter>
    </ClCompile>
    <ClCompile Include="MessageDlg.cpp">
      <Filter>Source Files</Filter>
    </ClCompile>
    <ClCompile Include="MessageEar.cpp">
      <Filter>Source Files</Filter>
    </ClCompile>
    <ClCompile Include="ModemInfo.cpp">
      <Filter>Source Files</Filter>
    </ClCompile>
    <ClCompile Include="ModemPage.cpp">
      <Filter>Source Files</Filter>
    </ClCompile>
    <ClCompile Include="MonitorEar.cpp">
      <Filter>Source Files</Filter>
    </ClCompile>
    <ClCompile Include="msdgridctrl.cpp">
      <Filter>Source Files</Filter>
    </ClCompile>
    <ClCompile Include="msflexgrid.cpp">
      <Filter>Source Files</Filter>
    </ClCompile>
    <ClCompile Include="Navigate.cpp">
      <Filter>Source Files</Filter>
    </ClCompile>
    <ClCompile Include="NavinfoDlg.cpp">
      <Filter>Source Files</Filter>
    </ClCompile>
    <ClCompile Include="NavinfoPane.cpp">
      <Filter>Source Files</Filter>
    </ClCompile>
    <ClCompile Include="Port.cpp">
      <Filter>Source Files</Filter>
    </ClCompile>
    <ClCompile Include="PortDlg.cpp">
      <Filter>Source Files</Filter>
    </ClCompile>
    <ClCompile Include="PortReceiver.cpp">
      <Filter>Source Files</Filter>
    </ClCompile>
    <ClCompile Include="PortSocket.cpp">
      <Filter>Source Files</Filter>
    </ClCompile>
    <ClCompile Include="Probe.cpp">
      <Filter>Source Files</Filter>
    </ClCompile>
    <ClCompile Include="ProxyDlg.cpp">
      <Filter>Source Files</Filter>
    </ClCompile>
    <ClCompile Include="rdc.cpp">
      <Filter>Source Files</Filter>
    </ClCompile>
    <ClCompile Include="Replay.cpp">
      <Filter>Source Files</Filter>
    </ClCompile>
    <ClCompile Include="ReplayDlg.cpp">
      <Filter>Source Files</Filter>
    </ClCompile>
    <ClCompile Include="ReplayTable.cpp">
      <Filter>Source Files</Filter>
    </ClCompile>
    <ClCompile Include="RoadTopo.cpp">
      <Filter>Source Files</Filter>
    </ClCompile>
    <ClCompile Include="Route.cpp">
      <Filter>Source Files</Filter>
    </ClCompile>
    <ClCompile Include="SearchDlg.cpp">
      <Filter>Source Files</Filter>
    </ClCompile>
    <ClCompile Include="SearchPage.cpp">
      <Filter>Source Files</Filter>
    </ClCompile>
    <ClCompile Include="Segment.cpp">
      <Filter>Source Files</Filter>
    </ClCompile>
    <ClCompile Include="SelectDlg.cpp">
      <Filter>Source Files</Filter>
    </ClCompile>
    <ClCompile Include="SerialPage.cpp">
      <Filter>Source Files</Filter>
    </ClCompile>
    <ClCompile Include="SetupSheet.cpp">
      <Filter>Source Files</Filter>
    </ClCompile>
    <ClCompile Include="SocketPage.cpp">
      <Filter>Source Files</Filter>
    </ClCompile>
    <ClCompile Include="SpeedPage.cpp">
      <Filter>Source Files</Filter>
    </ClCompile>
    <ClCompile Include="StdAfx.cpp">
      <Filter>Source Files</Filter>
    </ClCompile>
    <ClCompile Include="Vehicle.cpp">
      <Filter>Source Files</Filter>
    </ClCompile>
    <ClCompile Include="VehicleInfoDlg.cpp">
      <Filter>Source Files</Filter>
    </ClCompile>
    <ClCompile Include="VehiclePane.cpp">
      <Filter>Source Files</Filter>
    </ClCompile>
    <ClCompile Include="VehicleTag.cpp">
      <Filter>Source Files</Filter>
    </ClCompile>
  </ItemGroup>
  <ItemGroup>
    <ClInclude Include="CallDlg.h">
      <Filter>Header Files</Filter>
    </ClInclude>
    <ClInclude Include="CLIENTCMD.h">
      <Filter>Header Files</Filter>
    </ClInclude>
    <ClInclude Include="CmdParamDlg.h">
      <Filter>Header Files</Filter>
    </ClInclude>
    <ClInclude Include="DatabasePage.h">
      <Filter>Header Files</Filter>
    </ClInclude>
    <ClInclude Include="Dialit.h">
      <Filter>Header Files</Filter>
    </ClInclude>
    <ClInclude Include="DispatchDlg.h">
      <Filter>Header Files</Filter>
    </ClInclude>
    <ClInclude Include="FileMap.h">
      <Filter>Header Files</Filter>
    </ClInclude>
    <ClInclude Include="FilePoly.h">
      <Filter>Header Files</Filter>
    </ClInclude>
    <ClInclude Include="Global.h">
      <Filter>Header Files</Filter>
    </ClInclude>
    <ClInclude Include="IconPage.h">
      <Filter>Header Files</Filter>
    </ClInclude>
    <ClInclude Include="LED.h">
      <Filter>Header Files</Filter>
    </ClInclude>
    <ClInclude Include="LoginDlg.h">
      <Filter>Header Files</Filter>
    </ClInclude>
    <ClInclude Include="Message.h">
      <Filter>Header Files</Filter>
    </ClInclude>
    <ClInclude Include="MessageDlg.h">
      <Filter>Header Files</Filter>
    </ClInclude>
    <ClInclude Include="MessageEar.h">
      <Filter>Header Files</Filter>
    </ClInclude>
    <ClInclude Include="ModemInfo.h">
      <Filter>Header Files</Filter>
    </ClInclude>
    <ClInclude Include="ModemPage.h">
      <Filter>Header Files</Filter>
    </ClInclude>
    <ClInclude Include="MonitorEar.h">
      <Filter>Header Files</Filter>
    </ClInclude>
    <ClInclude Include="msdgridctrl.h">
      <Filter>Header Files</Filter>
    </ClInclude>
    <ClInclude Include="msflexgrid.h">
      <Filter>Header Files</Filter>
    </ClInclude>
    <ClInclude Include="Navigate.h">
      <Filter>Header Files</Filter>
    </ClInclude>
    <ClInclude Include="NavinfoDlg.h">
      <Filter>Header Files</Filter>
    </ClInclude>
    <ClInclude Include="NavinfoPane.h">
      <Filter>Header Files</Filter>
    </ClInclude>
    <ClInclude Include="Port.h">
      <Filter>Header Files</Filter>
    </ClInclude>
    <ClInclude Include="PortDlg.h">
      <Filter>Header Files</Filter>
    </ClInclude>
    <ClInclude Include="PortReceiver.h">
      <Filter>Header Files</Filter>
    </ClInclude>
    <ClInclude Include="PortSocket.h">
      <Filter>Header Files</Filter>
    </ClInclude>
    <ClInclude Include="Probe.h">
      <Filter>Header Files</Filter>
    </ClInclude>
    <ClInclude Include="ProxyDlg.h">
      <Filter>Header Files</Filter>
    </ClInclude>
    <ClInclude Include="rdc.h">
      <Filter>Header Files</Filter>
    </ClInclude>
    <ClInclude Include="Replay.h">
      <Filter>Header Files</Filter>
    </ClInclude>
    <ClInclude Include="ReplayDlg.h">
      <Filter>Header Files</Filter>
    </ClInclude>
    <ClInclude Include="ReplayTable.h">
      <Filter>Header Files</Filter>
    </ClInclude>
    <ClInclude Include="Resource.h">
      <Filter>Header Files</Filter>
    </ClInclude>
    <ClInclude Include="RoadTopo.h">
      <Filter>Header Files</Filter>
    </ClInclude>
    <ClInclude Include="Route.h">
      <Filter>Header Files</Filter>
    </ClInclude>
    <ClInclude Include="SearchDlg.h">
      <Filter>Header Files</Filter>
    </ClInclude>
    <ClInclude Include="SearchPage.h">
      <Filter>Header Files</Filter>
    </ClInclude>
    <ClInclude Include="Segment.h">
      <Filter>Header Files</Filter>
    </ClInclude>
    <ClInclude Include="SelectDlg.h">
      <Filter>Header Files</Filter>
    </ClInclude>
    <ClInclude Include="SerialPage.h">
      <Filter>Header Files</Filter>
    </ClInclude>
    <ClInclude Include="SERVERCMD.h">
      <Filter>Header Files</Filter>
    </ClInclude>
    <ClInclude Include="SetupSheet.h">
      <Filter>Header Files</Filter>
    </ClInclude>
    <ClInclude Include="SocketPage.h">
      <Filter>Header Files</Filter>
    </ClInclude>
    <ClInclude Include="SpeedPage.h">
      <Filter>Header Files</Filter>
    </ClInclude>
    <ClInclude Include="StdAfx.h">
      <Filter>Header Files</Filter>
    </ClInclude>
    <ClInclude Include="Vehicle.h">
      <Filter>Header Files</Filter>
    </ClInclude>
    <ClInclude Include="VehicleInfoDlg.h">
      <Filter>Header Files</Filter>
    </ClInclude>
    <ClInclude Include="VehiclePane.h">
      <Filter>Header Files</Filter>
    </ClInclude>
    <ClInclude Include="VehicleTag.h">
      <Filter>Header Files</Filter>
    </ClInclude>
  </ItemGroup>
  <ItemGroup>
    <None Include="ReadMe.txt" />
    <None Include="res\bitmap1.bmp">
      <Filter>Resource Files</Filter>
    </None>
    <None Include="res\waypoint.cur">
      <Filter>Resource Files</Filter>
    </None>
    <None Include="res\bmp00001.bmp">
      <Filter>Resource Files</Filter>
    </None>
    <None Include="res\Compass.bmp">
      <Filter>Resource Files</Filter>
    </None>
    <None Include="res\CompassL.bmp">
      <Filter>Resource Files</Filter>
    </None>
    <None Include="res\cur161.cur">
      <Filter>Resource Files</Filter>
    </None>
    <None Include="res\cur162.cur">
      <Filter>Resource Files</Filter>
    </None>
    <None Include="res\cur163.cur">
      <Filter>Resource Files</Filter>
    </None>
    <None Include="res\cur165.cur">
      <Filter>Resource Files</Filter>
    </None>
    <None Include="res\direction.bmp">
      <Filter>Resource Files</Filter>
    </None>
    <None Include="res\directionS.bmp">
      <Filter>Resource Files</Filter>
    </None>
    <None Include="res\icon1.ico">
      <Filter>Resource Files</Filter>
    </None>
    <None Include="res\icon2.ico">
      <Filter>Resource Files</Filter>
    </None>
    <None Include="res\idb_.bmp">
      <Filter>Resource Files</Filter>
    </None>
    <None Include="res\led.bmp">
      <Filter>Resource Files</Filter>
    </None>
    <None Include="res\LEDImages.bmp">
      <Filter>Resource Files</Filter>
    </None>
    <None Include="Navigate.def">
      <Filter>Resource Files</Filter>
    </None>
    <None Include="res\Navigate.rc2">
      <Filter>Resource Files</Filter>
    </None>
    <None Include="res\NavinfoPane.ico">
      <Filter>Resource Files</Filter>
    </None>
    <None Include="res\preview.bmp">
      <Filter>Resource Files</Filter>
    </None>
    <None Include="res\preview1.bmp">
      <Filter>Resource Files</Filter>
    </None>
    <None Include="res\properties.ico">
      <Filter>Resource Files</Filter>
    </None>
    <None Include="res\route.bmp">
      <Filter>Resource Files</Filter>
    </None>
    <None Include="res\route.cur">
      <Filter>Resource Files</Filter>
    </None>
    <None Include="res\route1.bmp">
      <Filter>Resource Files</Filter>
    </None>
    <None Include="res\Signal.bmp">
      <Filter>Resource Files</Filter>
    </None>
    <None Include="res\Vehicle.bmp">
      <Filter>Resource Files</Filter>
    </None>
    <None Include="res\vehicle0.bmp">
      <Filter>Resource Files</Filter>
    </None>
    <None Include="res\vehicle1.bmp">
      <Filter>Resource Files</Filter>
    </None>
    <None Include="res\Vehicle2.bmp">
      <Filter>Resource Files</Filter>
    </None>
    <None Include="res\vehicle3.bmp">
      <Filter>Resource Files</Filter>
    </None>
    <None Include="res\vehicle4.bmp">
      <Filter>Resource Files</Filter>
    </None>
    <None Include="res\vehicle5.bmp">
      <Filter>Resource Files</Filter>
    </None>
    <None Include="res\Vehiclebk.bmp">
      <Filter>Resource Files</Filter>
    </None>
    <None Include="res\VehiclePane.ico">
      <Filter>Resource Files</Filter>
    </None>
    <None Include="res\vehiclew.bmp">
      <Filter>Resource Files</Filter>
    </None>
    <None Include="res\Navinfo.ico">
      <Filter>Resource Files</Filter>
    </None>
    <None Include="res\Vehicle.ico">
      <Filter>Resource Files</Filter>
    </None>
  </ItemGroup>
  <ItemGroup>
    <Filter Include="Source Files">
      <UniqueIdentifier>{f284f760-e790-4072-b91e-8c920946ac4e}</UniqueIdentifier>
    </Filter>
    <Filter Include="Header Files">
      <UniqueIdentifier>{13c3a1c4-bf2d-4194-8f4a-7b3589acc32e}</UniqueIdentifier>
    </Filter>
    <Filter Include="Resource Files">
      <UniqueIdentifier>{ef0c77e6-8b6a-4043-b440-6db864d9b849}</UniqueIdentifier>
    </Filter>
  </ItemGroup>
  <ItemGroup>
    <ResourceCompile Include="Navigate.rc">
      <Filter>Resource Files</Filter>
    </ResourceCompile>
  </ItemGroup>
</Project>