<?xml version="1.0" encoding="utf-8"?>
<Project ToolsVersion="4.0" xmlns="http://schemas.microsoft.com/developer/msbuild/2003">
  <ItemGroup>
    <ClCompile Include="ComThread.cpp">
      <Filter>Source Files</Filter>
    </ClCompile>
    <ClCompile Include="Frame.cpp">
      <Filter>Source Files</Filter>
    </ClCompile>
    <ClCompile Include="Global.cpp">
      <Filter>Source Files</Filter>
    </ClCompile>
    <ClCompile Include="HttpSession.cpp">
      <Filter>Source Files</Filter>
    </ClCompile>
    <ClCompile Include="HTTPThread.cpp">
      <Filter>Source Files</Filter>
    </ClCompile>
    <ClCompile Include="MSCommCtrl.cpp">
      <Filter>Source Files</Filter>
    </ClCompile>
    <ClCompile Include="MSCommDlg.cpp">
      <Filter>Source Files</Filter>
    </ClCompile>
    <ClCompile Include="MSCommThread.cpp">
      <Filter>Source Files</Filter>
    </ClCompile>
    <ClCompile Include="SerialPage.cpp">
      <Filter>Source Files</Filter>
    </ClCompile>
    <ClCompile Include="SetupDlg.cpp">
      <Filter>Source Files</Filter>
    </ClCompile>
    <ClCompile Include="Smcom.cpp">
      <Filter>Source Files</Filter>
    </ClCompile>
    <ClCompile Include="SMSThread.cpp">
      <Filter>Source Files</Filter>
    </ClCompile>
    <ClCompile Include="TCPSocket.cpp">
      <Filter>Source Files</Filter>
    </ClCompile>
    <ClCompile Include="TCPThread.cpp">
      <Filter>Source Files</Filter>
    </ClCompile>
    <ClCompile Include="UDPSocket.cpp">
      <Filter>Source Files</Filter>
    </ClCompile>
    <ClCompile Include="UDPThread.cpp">
      <Filter>Source Files</Filter>
    </ClCompile>
    <ClCompile Include="WavecomDlg.cpp">
      <Filter>Source Files</Filter>
    </ClCompile>
    <ClCompile Include="stdafx.cpp">
      <Filter>Source Files</Filter>
    </ClCompile>
  </ItemGroup>
  <ItemGroup>
    <ClInclude Include="ComThread.h">
      <Filter>Header Files</Filter>
    </ClInclude>
    <ClInclude Include="Frame.h">
      <Filter>Header Files</Filter>
    </ClInclude>
    <ClInclude Include="Global.h">
      <Filter>Header Files</Filter>
    </ClInclude>
    <ClInclude Include="HttpSession.h">
      <Filter>Header Files</Filter>
    </ClInclude>
    <ClInclude Include="HTTPThread.h">
      <Filter>Header Files</Filter>
    </ClInclude>
    <ClInclude Include="MSCommCtrl.h">
      <Filter>Header Files</Filter>
    </ClInclude>
    <ClInclude Include="MSCommDlg.h">
      <Filter>Header Files</Filter>
    </ClInclude>
    <ClInclude Include="MSCommThread.h">
      <Filter>Header Files</Filter>
    </ClInclude>
    <ClInclude Include="Resource.h">
      <Filter>Header Files</Filter>
    </ClInclude>
    <ClInclude Include="SerialPage.h">
      <Filter>Header Files</Filter>
    </ClInclude>
    <ClInclude Include="SetupDlg.h">
      <Filter>Header Files</Filter>
    </ClInclude>
    <ClInclude Include="SMSThread.h">
      <Filter>Header Files</Filter>
    </ClInclude>
    <ClInclude Include="stdafx.h">
      <Filter>Header Files</Filter>
    </ClInclude>
    <ClInclude Include="TCPSocket.h">
      <Filter>Header Files</Filter>
    </ClInclude>
    <ClInclude Include="TCPThread.h">
      <Filter>Header Files</Filter>
    </ClInclude>
    <ClInclude Include="UDPSocket.h">
      <Filter>Header Files</Filter>
    </ClInclude>
    <ClInclude Include="UDPThread.h">
      <Filter>Header Files</Filter>
    </ClInclude>
    <ClInclude Include="WavecomDlg.h">
      <Filter>Header Files</Filter>
    </ClInclude>
  </ItemGroup>
  <ItemGroup>
    <None Include="ReadMe.txt" />
    <None Include="Smcom.def">
      <Filter>Resource Files</Filter>
    </None>
    <None Include="res\Smcom.rc2">
      <Filter>Resource Files</Filter>
    </None>
  </ItemGroup>
  <ItemGroup>
    <Filter Include="Source Files">
      <UniqueIdentifier>{4e6bab18-b7d7-4c2f-9809-4f2f963b9bc0}</UniqueIdentifier>
    </Filter>
    <Filter Include="Header Files">
      <UniqueIdentifier>{df538060-0193-4168-bb4f-26012ecf281c}</UniqueIdentifier>
    </Filter>
    <Filter Include="Resource Files">
      <UniqueIdentifier>{b8bac447-e2bc-4722-a86e-2f4455cc5650}</UniqueIdentifier>
    </Filter>
  </ItemGroup>
  <ItemGroup>
    <ResourceCompile Include="Smcom.rc">
      <Filter>Resource Files</Filter>
    </ResourceCompile>
  </ItemGroup>
</Project>